// !$*UTF8*$!
{
	archiveVersion = 1;
	classes = {
	};
	objectVersion = 46;
	objects = {

/* Begin PBXBuildFile section */
		036F632D267B073666A2AE01 /* libPods-GitHubContributions.a in Frameworks */ = {isa = PBXBuildFile; fileRef = F6FF73B72CF8CE6258D62013 /* libPods-GitHubContributions.a */; };
		0D014C1F1D86AAE400212FF1 /* SceneKit.framework in Frameworks */ = {isa = PBXBuildFile; fileRef = 0DB5569A1D85A1710042275E /* SceneKit.framework */; settings = {ATTRIBUTES = (Required, ); }; };
		0D0BA8071DF79E1100A893AB /* WatchConnectivity.framework in Frameworks */ = {isa = PBXBuildFile; fileRef = 0D0BA8061DF79E1100A893AB /* WatchConnectivity.framework */; };
		0D0BA8081DF7A4B700A893AB /* JZCommitDataModel.m in Sources */ = {isa = PBXBuildFile; fileRef = 0DB556AA1D85B52D0042275E /* JZCommitDataModel.m */; };
		0D0BA8091DF7AD9000A893AB /* JZCommitManager.m in Sources */ = {isa = PBXBuildFile; fileRef = 0DB556A51D85B4970042275E /* JZCommitManager.m */; };
		0D0BA80B1DF7AECD00A893AB /* SceneKit.framework in Frameworks */ = {isa = PBXBuildFile; fileRef = 0D0BA80A1DF7AECD00A893AB /* SceneKit.framework */; };
		0D0CE4D11DF76B1B0036351D /* Interface.storyboard in Resources */ = {isa = PBXBuildFile; fileRef = 0D0CE4CF1DF76B1B0036351D /* Interface.storyboard */; };
		0D0CE4D31DF76B1B0036351D /* Assets.xcassets in Resources */ = {isa = PBXBuildFile; fileRef = 0D0CE4D21DF76B1B0036351D /* Assets.xcassets */; };
		0D0CE4DA1DF76B1C0036351D /* ContributionsOnWatch Extension.appex in Embed App Extensions */ = {isa = PBXBuildFile; fileRef = 0D0CE4D91DF76B1B0036351D /* ContributionsOnWatch Extension.appex */; settings = {ATTRIBUTES = (RemoveHeadersOnCopy, ); }; };
		0D0CE4E51DF76B1C0036351D /* ExtensionDelegate.m in Sources */ = {isa = PBXBuildFile; fileRef = 0D0CE4E41DF76B1C0036351D /* ExtensionDelegate.m */; };
		0D0CE4E81DF76B1C0036351D /* NotificationController.m in Sources */ = {isa = PBXBuildFile; fileRef = 0D0CE4E71DF76B1C0036351D /* NotificationController.m */; };
		0D0CE4EB1DF76B1C0036351D /* ComplicationController.m in Sources */ = {isa = PBXBuildFile; fileRef = 0D0CE4EA1DF76B1C0036351D /* ComplicationController.m */; };
		0D0CE4ED1DF76B1C0036351D /* Assets.xcassets in Resources */ = {isa = PBXBuildFile; fileRef = 0D0CE4EC1DF76B1C0036351D /* Assets.xcassets */; };
		0D0CE4F11DF76B1C0036351D /* ContributionsOnWatch.app in Embed Watch Content */ = {isa = PBXBuildFile; fileRef = 0D0CE4CD1DF76B1B0036351D /* ContributionsOnWatch.app */; };
		0D10F0E91DF9CB1F00904A8B /* JZCommitImageInterfaceController.m in Sources */ = {isa = PBXBuildFile; fileRef = 0D10F0E81DF9CB1F00904A8B /* JZCommitImageInterfaceController.m */; };
		0D10F0EB1DF9F52E00904A8B /* WatchConnectivity.framework in Frameworks */ = {isa = PBXBuildFile; fileRef = 0D10F0EA1DF9F52E00904A8B /* WatchConnectivity.framework */; };
		0D10F0EE1DFB2E5A00904A8B /* ckcomplication.strings in Resources */ = {isa = PBXBuildFile; fileRef = 0D10F0F01DFB2E5A00904A8B /* ckcomplication.strings */; };
		0D14EAF21DF781ED002AF0C3 /* JZComplicationDataManager.m in Sources */ = {isa = PBXBuildFile; fileRef = 0D14EAF11DF781ED002AF0C3 /* JZComplicationDataManager.m */; };
		0D14EAF61DF78FC7002AF0C3 /* JZCommitImageView.m in Sources */ = {isa = PBXBuildFile; fileRef = 0DB556A21D85AB940042275E /* JZCommitImageView.m */; };
		0D1AF72E1DF7967400EAA85D /* JZCommitSceneInterfaceController.m in Sources */ = {isa = PBXBuildFile; fileRef = 0D1AF72D1DF7967400EAA85D /* JZCommitSceneInterfaceController.m */; };
		0D1AF7311DF798C200EAA85D /* JZSettingsInterfaceController.m in Sources */ = {isa = PBXBuildFile; fileRef = 0D1AF7301DF798C200EAA85D /* JZSettingsInterfaceController.m */; };
		0D565F9D1D85CAC5006C0324 /* JZCommitSceneView.m in Sources */ = {isa = PBXBuildFile; fileRef = 0D565F9C1D85CAC5006C0324 /* JZCommitSceneView.m */; };
		0D7703FC1E1C19A00019F507 /* JZDataVisualizationManager.m in Sources */ = {isa = PBXBuildFile; fileRef = 0D96B1EE1E1B87A3001C1228 /* JZDataVisualizationManager.m */; };
		0D7703FF1E1D52910019F507 /* JZIntroViewController.m in Sources */ = {isa = PBXBuildFile; fileRef = 0D7703FE1E1D52910019F507 /* JZIntroViewController.m */; };
		0D9044081E40D983002F9A61 /* JZAppSearchManager.m in Sources */ = {isa = PBXBuildFile; fileRef = 0D9044071E40D983002F9A61 /* JZAppSearchManager.m */; };
		0D90440A1E40D9CA002F9A61 /* CoreSpotlight.framework in Frameworks */ = {isa = PBXBuildFile; fileRef = 0D9044091E40D9CA002F9A61 /* CoreSpotlight.framework */; };
		0D90440C1E40D9DB002F9A61 /* MobileCoreServices.framework in Frameworks */ = {isa = PBXBuildFile; fileRef = 0D90440B1E40D9DB002F9A61 /* MobileCoreServices.framework */; };
		0D96B1E81E1A9746001C1228 /* JZNotificationManager.m in Sources */ = {isa = PBXBuildFile; fileRef = 0D96B1E71E1A9746001C1228 /* JZNotificationManager.m */; };
		0D96B1EB1E1A9C9A001C1228 /* Settings.bundle in Resources */ = {isa = PBXBuildFile; fileRef = 0D96B1EA1E1A9C9A001C1228 /* Settings.bundle */; };
		0D96B1EF1E1B87A3001C1228 /* JZDataVisualizationManager.m in Sources */ = {isa = PBXBuildFile; fileRef = 0D96B1EE1E1B87A3001C1228 /* JZDataVisualizationManager.m */; };
		0D96B1F01E1B87A3001C1228 /* JZDataVisualizationManager.m in Sources */ = {isa = PBXBuildFile; fileRef = 0D96B1EE1E1B87A3001C1228 /* JZDataVisualizationManager.m */; };
		0DB5566E1D859A120042275E /* main.m in Sources */ = {isa = PBXBuildFile; fileRef = 0DB5566D1D859A120042275E /* main.m */; };
		0DB556711D859A120042275E /* AppDelegate.m in Sources */ = {isa = PBXBuildFile; fileRef = 0DB556701D859A120042275E /* AppDelegate.m */; };
		0DB556771D859A120042275E /* Main.storyboard in Resources */ = {isa = PBXBuildFile; fileRef = 0DB556751D859A120042275E /* Main.storyboard */; };
		0DB556791D859A120042275E /* Assets.xcassets in Resources */ = {isa = PBXBuildFile; fileRef = 0DB556781D859A120042275E /* Assets.xcassets */; };
		0DB5567C1D859A120042275E /* LaunchScreen.storyboard in Resources */ = {isa = PBXBuildFile; fileRef = 0DB5567A1D859A120042275E /* LaunchScreen.storyboard */; };
		0DB5568A1D859A430042275E /* NotificationCenter.framework in Frameworks */ = {isa = PBXBuildFile; fileRef = 0DB556891D859A430042275E /* NotificationCenter.framework */; };
		0DB5568E1D859A430042275E /* TodayViewController.m in Sources */ = {isa = PBXBuildFile; fileRef = 0DB5568D1D859A430042275E /* TodayViewController.m */; };
		0DB556911D859A430042275E /* MainInterface.storyboard in Resources */ = {isa = PBXBuildFile; fileRef = 0DB5568F1D859A430042275E /* MainInterface.storyboard */; };
		0DB556951D859A430042275E /* TodayExtension.appex in Embed App Extensions */ = {isa = PBXBuildFile; fileRef = 0DB556871D859A430042275E /* TodayExtension.appex */; settings = {ATTRIBUTES = (RemoveHeadersOnCopy, ); }; };
		0DB5569D1D85A9F20042275E /* Assets.xcassets in Resources */ = {isa = PBXBuildFile; fileRef = 0DB5569C1D85A9F20042275E /* Assets.xcassets */; };
		0DB556A71D85B4970042275E /* JZCommitManager.m in Sources */ = {isa = PBXBuildFile; fileRef = 0DB556A51D85B4970042275E /* JZCommitManager.m */; };
		0DB556AC1D85B52D0042275E /* JZCommitDataModel.m in Sources */ = {isa = PBXBuildFile; fileRef = 0DB556AA1D85B52D0042275E /* JZCommitDataModel.m */; };
		0DEF7A471D85FE7A00761555 /* JZCommitManager.m in Sources */ = {isa = PBXBuildFile; fileRef = 0DB556A51D85B4970042275E /* JZCommitManager.m */; };
		0DEF7A481D85FE7D00761555 /* JZCommitDataModel.m in Sources */ = {isa = PBXBuildFile; fileRef = 0DB556AA1D85B52D0042275E /* JZCommitDataModel.m */; };
		0DEF7A521D86812000761555 /* Reachability.m in Sources */ = {isa = PBXBuildFile; fileRef = 0DEF7A511D86812000761555 /* Reachability.m */; };
		0DEF7A531D86812000761555 /* Reachability.m in Sources */ = {isa = PBXBuildFile; fileRef = 0DEF7A511D86812000761555 /* Reachability.m */; };
		214B175D2E8668D3A43786E9 /* Pods-TodayExtension-settings-metadata.plist in Resources */ = {isa = PBXBuildFile; fileRef = D657E72920B53E796FFABA39 /* Pods-TodayExtension-settings-metadata.plist */; };
		287DFBDF760673F29A0DC0CF /* Pods-TodayExtension-metadata.plist in Resources */ = {isa = PBXBuildFile; fileRef = 1B8D0D93ED354561D6EC3122 /* Pods-TodayExtension-metadata.plist */; };
		5E36697B78C0D44233888E56 /* Pods-ContributionsOnWatch Extension-settings-metadata.plist in Resources */ = {isa = PBXBuildFile; fileRef = A5603E050A82D3486F9B68D2 /* Pods-ContributionsOnWatch Extension-settings-metadata.plist */; };
		6B747912C7B8314E5FAFE18A /* Pods-GitHubContributions-metadata.plist in Resources */ = {isa = PBXBuildFile; fileRef = E3ECA54723EECDD74E656CF5 /* Pods-GitHubContributions-metadata.plist */; };
		952731AEB4CB6F421E020BFB /* libPods-TodayExtension.a in Frameworks */ = {isa = PBXBuildFile; fileRef = 5B1FBCD065571765C1D4B127 /* libPods-TodayExtension.a */; };
		9617395C9EBF34E2D36B9981 /* libPods-ContributionsOnWatch Extension.a in Frameworks */ = {isa = PBXBuildFile; fileRef = 36FBB3E500AE9DE44C4ACC3A /* libPods-ContributionsOnWatch Extension.a */; };
		A678BE80CF72460EB7239BD9 /* Pods-ContributionsOnWatch Extension-metadata.plist in Resources */ = {isa = PBXBuildFile; fileRef = B7C8BAA5D3FAD966FDCD99C4 /* Pods-ContributionsOnWatch Extension-metadata.plist */; };
		D2363A55E4477AA033E81A0D /* Pods-GitHubContributions-settings-metadata.plist in Resources */ = {isa = PBXBuildFile; fileRef = E72C971AF1C5EA06986FD74D /* Pods-GitHubContributions-settings-metadata.plist */; };
/* End PBXBuildFile section */

/* Begin PBXContainerItemProxy section */
		0D0CE4DB1DF76B1C0036351D /* PBXContainerItemProxy */ = {
			isa = PBXContainerItemProxy;
			containerPortal = 0DB556611D859A120042275E /* Project object */;
			proxyType = 1;
			remoteGlobalIDString = 0D0CE4D81DF76B1B0036351D;
			remoteInfo = "ContributionsOnWatch Extension";
		};
		0D0CE4EF1DF76B1C0036351D /* PBXContainerItemProxy */ = {
			isa = PBXContainerItemProxy;
			containerPortal = 0DB556611D859A120042275E /* Project object */;
			proxyType = 1;
			remoteGlobalIDString = 0D0CE4CC1DF76B1B0036351D;
			remoteInfo = ContributionsOnWatch;
		};
		0DB556931D859A430042275E /* PBXContainerItemProxy */ = {
			isa = PBXContainerItemProxy;
			containerPortal = 0DB556611D859A120042275E /* Project object */;
			proxyType = 1;
			remoteGlobalIDString = 0DB556861D859A430042275E;
			remoteInfo = TodayExtension;
		};
/* End PBXContainerItemProxy section */

/* Begin PBXCopyFilesBuildPhase section */
		0D0CE4F71DF76B1C0036351D /* Embed App Extensions */ = {
			isa = PBXCopyFilesBuildPhase;
			buildActionMask = 2147483647;
			dstPath = "";
			dstSubfolderSpec = 13;
			files = (
				0D0CE4DA1DF76B1C0036351D /* ContributionsOnWatch Extension.appex in Embed App Extensions */,
			);
			name = "Embed App Extensions";
			runOnlyForDeploymentPostprocessing = 0;
		};
		0D0CE4F91DF76B1C0036351D /* Embed Watch Content */ = {
			isa = PBXCopyFilesBuildPhase;
			buildActionMask = 2147483647;
			dstPath = "$(CONTENTS_FOLDER_PATH)/Watch";
			dstSubfolderSpec = 16;
			files = (
				0D0CE4F11DF76B1C0036351D /* ContributionsOnWatch.app in Embed Watch Content */,
			);
			name = "Embed Watch Content";
			runOnlyForDeploymentPostprocessing = 0;
		};
		0DB556991D859A430042275E /* Embed App Extensions */ = {
			isa = PBXCopyFilesBuildPhase;
			buildActionMask = 2147483647;
			dstPath = "";
			dstSubfolderSpec = 13;
			files = (
				0DB556951D859A430042275E /* TodayExtension.appex in Embed App Extensions */,
			);
			name = "Embed App Extensions";
			runOnlyForDeploymentPostprocessing = 0;
		};
/* End PBXCopyFilesBuildPhase section */

/* Begin PBXFileReference section */
		01881A84E6066C9B7BFAB953 /* Pods-TodayExtension.release.xcconfig */ = {isa = PBXFileReference; includeInIndex = 1; lastKnownFileType = text.xcconfig; name = "Pods-TodayExtension.release.xcconfig"; path = "Pods/Target Support Files/Pods-TodayExtension/Pods-TodayExtension.release.xcconfig"; sourceTree = "<group>"; };
		0D0BA8061DF79E1100A893AB /* WatchConnectivity.framework */ = {isa = PBXFileReference; lastKnownFileType = wrapper.framework; name = WatchConnectivity.framework; path = System/Library/Frameworks/WatchConnectivity.framework; sourceTree = SDKROOT; };
		0D0BA80A1DF7AECD00A893AB /* SceneKit.framework */ = {isa = PBXFileReference; lastKnownFileType = wrapper.framework; name = SceneKit.framework; path = Platforms/WatchOS.platform/Developer/SDKs/WatchOS3.1.sdk/System/Library/Frameworks/SceneKit.framework; sourceTree = DEVELOPER_DIR; };
		0D0CE4CD1DF76B1B0036351D /* ContributionsOnWatch.app */ = {isa = PBXFileReference; explicitFileType = wrapper.application; includeInIndex = 0; path = ContributionsOnWatch.app; sourceTree = BUILT_PRODUCTS_DIR; };
		0D0CE4D01DF76B1B0036351D /* Base */ = {isa = PBXFileReference; lastKnownFileType = file.storyboard; name = Base; path = Base.lproj/Interface.storyboard; sourceTree = "<group>"; };
		0D0CE4D21DF76B1B0036351D /* Assets.xcassets */ = {isa = PBXFileReference; lastKnownFileType = folder.assetcatalog; path = Assets.xcassets; sourceTree = "<group>"; };
		0D0CE4D41DF76B1B0036351D /* Info.plist */ = {isa = PBXFileReference; lastKnownFileType = text.plist.xml; path = Info.plist; sourceTree = "<group>"; };
		0D0CE4D91DF76B1B0036351D /* ContributionsOnWatch Extension.appex */ = {isa = PBXFileReference; explicitFileType = "wrapper.app-extension"; includeInIndex = 0; path = "ContributionsOnWatch Extension.appex"; sourceTree = BUILT_PRODUCTS_DIR; };
		0D0CE4DF1DF76B1C0036351D /* PushNotificationPayload.apns */ = {isa = PBXFileReference; lastKnownFileType = text; path = PushNotificationPayload.apns; sourceTree = "<group>"; };
		0D0CE4E31DF76B1C0036351D /* ExtensionDelegate.h */ = {isa = PBXFileReference; lastKnownFileType = sourcecode.c.h; path = ExtensionDelegate.h; sourceTree = "<group>"; };
		0D0CE4E41DF76B1C0036351D /* ExtensionDelegate.m */ = {isa = PBXFileReference; lastKnownFileType = sourcecode.c.objc; path = ExtensionDelegate.m; sourceTree = "<group>"; };
		0D0CE4E61DF76B1C0036351D /* NotificationController.h */ = {isa = PBXFileReference; lastKnownFileType = sourcecode.c.h; path = NotificationController.h; sourceTree = "<group>"; };
		0D0CE4E71DF76B1C0036351D /* NotificationController.m */ = {isa = PBXFileReference; lastKnownFileType = sourcecode.c.objc; path = NotificationController.m; sourceTree = "<group>"; };
		0D0CE4E91DF76B1C0036351D /* ComplicationController.h */ = {isa = PBXFileReference; lastKnownFileType = sourcecode.c.h; path = ComplicationController.h; sourceTree = "<group>"; };
		0D0CE4EA1DF76B1C0036351D /* ComplicationController.m */ = {isa = PBXFileReference; lastKnownFileType = sourcecode.c.objc; path = ComplicationController.m; sourceTree = "<group>"; };
		0D0CE4EC1DF76B1C0036351D /* Assets.xcassets */ = {isa = PBXFileReference; lastKnownFileType = folder.assetcatalog; path = Assets.xcassets; sourceTree = "<group>"; };
		0D0CE4EE1DF76B1C0036351D /* Info.plist */ = {isa = PBXFileReference; lastKnownFileType = text.plist.xml; path = Info.plist; sourceTree = "<group>"; };
		0D10F0E71DF9CB1F00904A8B /* JZCommitImageInterfaceController.h */ = {isa = PBXFileReference; fileEncoding = 4; lastKnownFileType = sourcecode.c.h; path = JZCommitImageInterfaceController.h; sourceTree = "<group>"; };
		0D10F0E81DF9CB1F00904A8B /* JZCommitImageInterfaceController.m */ = {isa = PBXFileReference; fileEncoding = 4; lastKnownFileType = sourcecode.c.objc; path = JZCommitImageInterfaceController.m; sourceTree = "<group>"; };
		0D10F0EA1DF9F52E00904A8B /* WatchConnectivity.framework */ = {isa = PBXFileReference; lastKnownFileType = wrapper.framework; name = WatchConnectivity.framework; path = Platforms/WatchOS.platform/Developer/SDKs/WatchOS3.1.sdk/System/Library/Frameworks/WatchConnectivity.framework; sourceTree = DEVELOPER_DIR; };
		0D10F0EF1DFB2E5A00904A8B /* en */ = {isa = PBXFileReference; lastKnownFileType = text.plist.strings; name = en; path = en.lproj/ckcomplication.strings; sourceTree = "<group>"; };
		0D10F0F11DFB2E5E00904A8B /* Base */ = {isa = PBXFileReference; lastKnownFileType = text.plist.strings; name = Base; path = Base.lproj/ckcomplication.strings; sourceTree = "<group>"; };
		0D10F0F21DFB300E00904A8B /* zh-Hans */ = {isa = PBXFileReference; lastKnownFileType = text.plist.strings; name = "zh-Hans"; path = "zh-Hans.lproj/Main.strings"; sourceTree = "<group>"; };
		0D10F0F31DFB300E00904A8B /* zh-Hans */ = {isa = PBXFileReference; lastKnownFileType = text.plist.strings; name = "zh-Hans"; path = "zh-Hans.lproj/LaunchScreen.strings"; sourceTree = "<group>"; };
		0D10F0F41DFB300F00904A8B /* zh-Hans */ = {isa = PBXFileReference; lastKnownFileType = text.plist.strings; name = "zh-Hans"; path = "zh-Hans.lproj/MainInterface.strings"; sourceTree = "<group>"; };
		0D10F0F61DFB300F00904A8B /* zh-Hans */ = {isa = PBXFileReference; lastKnownFileType = text.plist.strings; name = "zh-Hans"; path = "zh-Hans.lproj/ckcomplication.strings"; sourceTree = "<group>"; };
		0D10F0F81DFB3F1900904A8B /* zh-Hans */ = {isa = PBXFileReference; lastKnownFileType = text.plist.strings; name = "zh-Hans"; path = "zh-Hans.lproj/Interface.strings"; sourceTree = "<group>"; };
		0D14EAEE1DF76F5E002AF0C3 /* ContributionsOnWatch.entitlements */ = {isa = PBXFileReference; lastKnownFileType = text.plist.entitlements; path = ContributionsOnWatch.entitlements; sourceTree = "<group>"; };
		0D14EAEF1DF76F68002AF0C3 /* ContributionsOnWatch Extension.entitlements */ = {isa = PBXFileReference; lastKnownFileType = text.plist.entitlements; path = "ContributionsOnWatch Extension.entitlements"; sourceTree = "<group>"; };
		0D14EAF01DF781ED002AF0C3 /* JZComplicationDataManager.h */ = {isa = PBXFileReference; fileEncoding = 4; lastKnownFileType = sourcecode.c.h; path = JZComplicationDataManager.h; sourceTree = "<group>"; };
		0D14EAF11DF781ED002AF0C3 /* JZComplicationDataManager.m */ = {isa = PBXFileReference; fileEncoding = 4; lastKnownFileType = sourcecode.c.objc; lineEnding = 0; path = JZComplicationDataManager.m; sourceTree = "<group>"; xcLanguageSpecificationIdentifier = xcode.lang.objc; };
		0D14EAF31DF78C01002AF0C3 /* JZHeader.h */ = {isa = PBXFileReference; fileEncoding = 4; lastKnownFileType = sourcecode.c.h; lineEnding = 0; path = JZHeader.h; sourceTree = "<group>"; xcLanguageSpecificationIdentifier = xcode.lang.objcpp; };
		0D1AF72C1DF7967400EAA85D /* JZCommitSceneInterfaceController.h */ = {isa = PBXFileReference; fileEncoding = 4; lastKnownFileType = sourcecode.c.h; path = JZCommitSceneInterfaceController.h; sourceTree = "<group>"; };
		0D1AF72D1DF7967400EAA85D /* JZCommitSceneInterfaceController.m */ = {isa = PBXFileReference; fileEncoding = 4; lastKnownFileType = sourcecode.c.objc; lineEnding = 0; path = JZCommitSceneInterfaceController.m; sourceTree = "<group>"; xcLanguageSpecificationIdentifier = xcode.lang.objc; };
		0D1AF72F1DF798C200EAA85D /* JZSettingsInterfaceController.h */ = {isa = PBXFileReference; fileEncoding = 4; lastKnownFileType = sourcecode.c.h; path = JZSettingsInterfaceController.h; sourceTree = "<group>"; };
		0D1AF7301DF798C200EAA85D /* JZSettingsInterfaceController.m */ = {isa = PBXFileReference; fileEncoding = 4; lastKnownFileType = sourcecode.c.objc; path = JZSettingsInterfaceController.m; sourceTree = "<group>"; };
		0D565F9B1D85CAC5006C0324 /* JZCommitSceneView.h */ = {isa = PBXFileReference; fileEncoding = 4; lastKnownFileType = sourcecode.c.h; path = JZCommitSceneView.h; sourceTree = "<group>"; };
		0D565F9C1D85CAC5006C0324 /* JZCommitSceneView.m */ = {isa = PBXFileReference; fileEncoding = 4; lastKnownFileType = sourcecode.c.objc; path = JZCommitSceneView.m; sourceTree = "<group>"; };
		0D7703FD1E1D52910019F507 /* JZIntroViewController.h */ = {isa = PBXFileReference; fileEncoding = 4; lastKnownFileType = sourcecode.c.h; path = JZIntroViewController.h; sourceTree = "<group>"; };
		0D7703FE1E1D52910019F507 /* JZIntroViewController.m */ = {isa = PBXFileReference; fileEncoding = 4; lastKnownFileType = sourcecode.c.objc; path = JZIntroViewController.m; sourceTree = "<group>"; };
		0D9044061E40D983002F9A61 /* JZAppSearchManager.h */ = {isa = PBXFileReference; fileEncoding = 4; lastKnownFileType = sourcecode.c.h; path = JZAppSearchManager.h; sourceTree = "<group>"; };
		0D9044071E40D983002F9A61 /* JZAppSearchManager.m */ = {isa = PBXFileReference; fileEncoding = 4; lastKnownFileType = sourcecode.c.objc; path = JZAppSearchManager.m; sourceTree = "<group>"; };
		0D9044091E40D9CA002F9A61 /* CoreSpotlight.framework */ = {isa = PBXFileReference; lastKnownFileType = wrapper.framework; name = CoreSpotlight.framework; path = System/Library/Frameworks/CoreSpotlight.framework; sourceTree = SDKROOT; };
		0D90440B1E40D9DB002F9A61 /* MobileCoreServices.framework */ = {isa = PBXFileReference; lastKnownFileType = wrapper.framework; name = MobileCoreServices.framework; path = System/Library/Frameworks/MobileCoreServices.framework; sourceTree = SDKROOT; };
		0D96B1E61E1A9746001C1228 /* JZNotificationManager.h */ = {isa = PBXFileReference; fileEncoding = 4; lastKnownFileType = sourcecode.c.h; path = JZNotificationManager.h; sourceTree = "<group>"; };
		0D96B1E71E1A9746001C1228 /* JZNotificationManager.m */ = {isa = PBXFileReference; fileEncoding = 4; lastKnownFileType = sourcecode.c.objc; path = JZNotificationManager.m; sourceTree = "<group>"; };
		0D96B1EA1E1A9C9A001C1228 /* Settings.bundle */ = {isa = PBXFileReference; lastKnownFileType = "wrapper.plug-in"; path = Settings.bundle; sourceTree = "<group>"; };
		0D96B1ED1E1B87A3001C1228 /* JZDataVisualizationManager.h */ = {isa = PBXFileReference; fileEncoding = 4; lastKnownFileType = sourcecode.c.h; path = JZDataVisualizationManager.h; sourceTree = "<group>"; };
		0D96B1EE1E1B87A3001C1228 /* JZDataVisualizationManager.m */ = {isa = PBXFileReference; fileEncoding = 4; lastKnownFileType = sourcecode.c.objc; path = JZDataVisualizationManager.m; sourceTree = "<group>"; };
		0D96B1F11E1B95BF001C1228 /* zh-Hant */ = {isa = PBXFileReference; lastKnownFileType = text.plist.strings; name = "zh-Hant"; path = "zh-Hant.lproj/Main.strings"; sourceTree = "<group>"; };
		0D96B1F21E1B95BF001C1228 /* zh-Hant */ = {isa = PBXFileReference; lastKnownFileType = text.plist.strings; name = "zh-Hant"; path = "zh-Hant.lproj/LaunchScreen.strings"; sourceTree = "<group>"; };
		0D96B1F31E1B95C0001C1228 /* zh-Hant */ = {isa = PBXFileReference; lastKnownFileType = text.plist.strings; name = "zh-Hant"; path = "zh-Hant.lproj/MainInterface.strings"; sourceTree = "<group>"; };
		0D96B1F41E1B95C0001C1228 /* zh-Hant */ = {isa = PBXFileReference; lastKnownFileType = text.plist.strings; name = "zh-Hant"; path = "zh-Hant.lproj/Interface.strings"; sourceTree = "<group>"; };
		0D96B1F51E1B95C0001C1228 /* zh-Hant */ = {isa = PBXFileReference; lastKnownFileType = text.plist.strings; name = "zh-Hant"; path = "zh-Hant.lproj/ckcomplication.strings"; sourceTree = "<group>"; };
		0D96B1F61E1B95D1001C1228 /* ja */ = {isa = PBXFileReference; lastKnownFileType = text.plist.strings; name = ja; path = ja.lproj/Main.strings; sourceTree = "<group>"; };
		0D96B1F71E1B95D1001C1228 /* ja */ = {isa = PBXFileReference; lastKnownFileType = text.plist.strings; name = ja; path = ja.lproj/LaunchScreen.strings; sourceTree = "<group>"; };
		0D96B1F81E1B95D1001C1228 /* ja */ = {isa = PBXFileReference; lastKnownFileType = text.plist.strings; name = ja; path = ja.lproj/MainInterface.strings; sourceTree = "<group>"; };
		0D96B1F91E1B95D1001C1228 /* ja */ = {isa = PBXFileReference; lastKnownFileType = text.plist.strings; name = ja; path = ja.lproj/Interface.strings; sourceTree = "<group>"; };
		0D96B1FA1E1B95D1001C1228 /* ja */ = {isa = PBXFileReference; lastKnownFileType = text.plist.strings; name = ja; path = ja.lproj/ckcomplication.strings; sourceTree = "<group>"; };
		0D96B2001E1BA30B001C1228 /* UserNotifications.framework */ = {isa = PBXFileReference; lastKnownFileType = wrapper.framework; name = UserNotifications.framework; path = System/Library/Frameworks/UserNotifications.framework; sourceTree = SDKROOT; };
		0D96B2021E1BA30B001C1228 /* UserNotificationsUI.framework */ = {isa = PBXFileReference; lastKnownFileType = wrapper.framework; name = UserNotificationsUI.framework; path = System/Library/Frameworks/UserNotificationsUI.framework; sourceTree = SDKROOT; };
		0DB556691D859A120042275E /* GitHubContributions.app */ = {isa = PBXFileReference; explicitFileType = wrapper.application; includeInIndex = 0; path = GitHubContributions.app; sourceTree = BUILT_PRODUCTS_DIR; };
		0DB5566D1D859A120042275E /* main.m */ = {isa = PBXFileReference; lastKnownFileType = sourcecode.c.objc; path = main.m; sourceTree = "<group>"; };
		0DB5566F1D859A120042275E /* AppDelegate.h */ = {isa = PBXFileReference; lastKnownFileType = sourcecode.c.h; path = AppDelegate.h; sourceTree = "<group>"; };
		0DB556701D859A120042275E /* AppDelegate.m */ = {isa = PBXFileReference; lastKnownFileType = sourcecode.c.objc; lineEnding = 0; path = AppDelegate.m; sourceTree = "<group>"; xcLanguageSpecificationIdentifier = xcode.lang.objc; };
		0DB556761D859A120042275E /* Base */ = {isa = PBXFileReference; lastKnownFileType = file.storyboard; name = Base; path = Base.lproj/Main.storyboard; sourceTree = "<group>"; };
		0DB556781D859A120042275E /* Assets.xcassets */ = {isa = PBXFileReference; lastKnownFileType = folder.assetcatalog; path = Assets.xcassets; sourceTree = "<group>"; };
		0DB5567B1D859A120042275E /* Base */ = {isa = PBXFileReference; lastKnownFileType = file.storyboard; name = Base; path = Base.lproj/LaunchScreen.storyboard; sourceTree = "<group>"; };
		0DB5567D1D859A120042275E /* Info.plist */ = {isa = PBXFileReference; lastKnownFileType = text.plist.xml; path = Info.plist; sourceTree = "<group>"; };
		0DB556871D859A430042275E /* TodayExtension.appex */ = {isa = PBXFileReference; explicitFileType = "wrapper.app-extension"; includeInIndex = 0; path = TodayExtension.appex; sourceTree = BUILT_PRODUCTS_DIR; };
		0DB556891D859A430042275E /* NotificationCenter.framework */ = {isa = PBXFileReference; lastKnownFileType = wrapper.framework; name = NotificationCenter.framework; path = System/Library/Frameworks/NotificationCenter.framework; sourceTree = SDKROOT; };
		0DB5568C1D859A430042275E /* TodayViewController.h */ = {isa = PBXFileReference; lastKnownFileType = sourcecode.c.h; path = TodayViewController.h; sourceTree = "<group>"; };
		0DB5568D1D859A430042275E /* TodayViewController.m */ = {isa = PBXFileReference; lastKnownFileType = sourcecode.c.objc; lineEnding = 0; path = TodayViewController.m; sourceTree = "<group>"; xcLanguageSpecificationIdentifier = xcode.lang.objc; };
		0DB556901D859A430042275E /* Base */ = {isa = PBXFileReference; lastKnownFileType = file.storyboard; name = Base; path = Base.lproj/MainInterface.storyboard; sourceTree = "<group>"; };
		0DB556921D859A430042275E /* Info.plist */ = {isa = PBXFileReference; lastKnownFileType = text.plist.xml; path = Info.plist; sourceTree = "<group>"; };
		0DB5569A1D85A1710042275E /* SceneKit.framework */ = {isa = PBXFileReference; lastKnownFileType = wrapper.framework; name = SceneKit.framework; path = System/Library/Frameworks/SceneKit.framework; sourceTree = SDKROOT; };
		0DB5569C1D85A9F20042275E /* Assets.xcassets */ = {isa = PBXFileReference; lastKnownFileType = folder.assetcatalog; path = Assets.xcassets; sourceTree = "<group>"; };
		0DB556A11D85AB940042275E /* JZCommitImageView.h */ = {isa = PBXFileReference; fileEncoding = 4; lastKnownFileType = sourcecode.c.h; path = JZCommitImageView.h; sourceTree = "<group>"; };
		0DB556A21D85AB940042275E /* JZCommitImageView.m */ = {isa = PBXFileReference; fileEncoding = 4; lastKnownFileType = sourcecode.c.objc; path = JZCommitImageView.m; sourceTree = "<group>"; };
		0DB556A41D85B4970042275E /* JZCommitManager.h */ = {isa = PBXFileReference; fileEncoding = 4; lastKnownFileType = sourcecode.c.h; path = JZCommitManager.h; sourceTree = "<group>"; };
		0DB556A51D85B4970042275E /* JZCommitManager.m */ = {isa = PBXFileReference; fileEncoding = 4; lastKnownFileType = sourcecode.c.objc; lineEnding = 0; path = JZCommitManager.m; sourceTree = "<group>"; xcLanguageSpecificationIdentifier = xcode.lang.objc; };
		0DB556A91D85B52D0042275E /* JZCommitDataModel.h */ = {isa = PBXFileReference; fileEncoding = 4; lastKnownFileType = sourcecode.c.h; path = JZCommitDataModel.h; sourceTree = "<group>"; };
		0DB556AA1D85B52D0042275E /* JZCommitDataModel.m */ = {isa = PBXFileReference; fileEncoding = 4; lastKnownFileType = sourcecode.c.objc; path = JZCommitDataModel.m; sourceTree = "<group>"; };
		0DEF7A451D85FC2B00761555 /* GitHubContributions.entitlements */ = {isa = PBXFileReference; lastKnownFileType = text.plist.entitlements; path = GitHubContributions.entitlements; sourceTree = "<group>"; };
		0DEF7A461D85FC7E00761555 /* TodayExtension.entitlements */ = {isa = PBXFileReference; lastKnownFileType = text.plist.entitlements; path = TodayExtension.entitlements; sourceTree = "<group>"; };
		0DEF7A501D86812000761555 /* Reachability.h */ = {isa = PBXFileReference; fileEncoding = 4; lastKnownFileType = sourcecode.c.h; path = Reachability.h; sourceTree = "<group>"; };
		0DEF7A511D86812000761555 /* Reachability.m */ = {isa = PBXFileReference; fileEncoding = 4; lastKnownFileType = sourcecode.c.objc; lineEnding = 0; path = Reachability.m; sourceTree = "<group>"; xcLanguageSpecificationIdentifier = xcode.lang.objc; };
		1B8D0D93ED354561D6EC3122 /* Pods-TodayExtension-metadata.plist */ = {isa = PBXFileReference; includeInIndex = 1; lastKnownFileType = text.plist.xml; name = "Pods-TodayExtension-metadata.plist"; path = "Pods/Pods-TodayExtension-metadata.plist"; sourceTree = "<group>"; };
		2237E1EDAB39F7AA0EA47331 /* Pods-TodayExtension.debug.xcconfig */ = {isa = PBXFileReference; includeInIndex = 1; lastKnownFileType = text.xcconfig; name = "Pods-TodayExtension.debug.xcconfig"; path = "Pods/Target Support Files/Pods-TodayExtension/Pods-TodayExtension.debug.xcconfig"; sourceTree = "<group>"; };
		36FBB3E500AE9DE44C4ACC3A /* libPods-ContributionsOnWatch Extension.a */ = {isa = PBXFileReference; explicitFileType = archive.ar; includeInIndex = 0; path = "libPods-ContributionsOnWatch Extension.a"; sourceTree = BUILT_PRODUCTS_DIR; };
		3A245A6947FC32EF01EBE6CC /* Pods-ContributionsOnWatch Extension.release.xcconfig */ = {isa = PBXFileReference; includeInIndex = 1; lastKnownFileType = text.xcconfig; name = "Pods-ContributionsOnWatch Extension.release.xcconfig"; path = "Pods/Target Support Files/Pods-ContributionsOnWatch Extension/Pods-ContributionsOnWatch Extension.release.xcconfig"; sourceTree = "<group>"; };
		5B1FBCD065571765C1D4B127 /* libPods-TodayExtension.a */ = {isa = PBXFileReference; explicitFileType = archive.ar; includeInIndex = 0; path = "libPods-TodayExtension.a"; sourceTree = BUILT_PRODUCTS_DIR; };
		A5603E050A82D3486F9B68D2 /* Pods-ContributionsOnWatch Extension-settings-metadata.plist */ = {isa = PBXFileReference; includeInIndex = 1; lastKnownFileType = text.plist.xml; name = "Pods-ContributionsOnWatch Extension-settings-metadata.plist"; path = "GitHubContributions/Settings.bundle/Pods-ContributionsOnWatch Extension-settings-metadata.plist"; sourceTree = "<group>"; };
		B7C8BAA5D3FAD966FDCD99C4 /* Pods-ContributionsOnWatch Extension-metadata.plist */ = {isa = PBXFileReference; includeInIndex = 1; lastKnownFileType = text.plist.xml; name = "Pods-ContributionsOnWatch Extension-metadata.plist"; path = "Pods/Pods-ContributionsOnWatch Extension-metadata.plist"; sourceTree = "<group>"; };
		BE94186F89229304926B28EC /* Pods-GitHubContributions.debug.xcconfig */ = {isa = PBXFileReference; includeInIndex = 1; lastKnownFileType = text.xcconfig; name = "Pods-GitHubContributions.debug.xcconfig"; path = "Pods/Target Support Files/Pods-GitHubContributions/Pods-GitHubContributions.debug.xcconfig"; sourceTree = "<group>"; };
		C77384543F54CDE4CC88222F /* Pods-GitHubContributions.release.xcconfig */ = {isa = PBXFileReference; includeInIndex = 1; lastKnownFileType = text.xcconfig; name = "Pods-GitHubContributions.release.xcconfig"; path = "Pods/Target Support Files/Pods-GitHubContributions/Pods-GitHubContributions.release.xcconfig"; sourceTree = "<group>"; };
		D657E72920B53E796FFABA39 /* Pods-TodayExtension-settings-metadata.plist */ = {isa = PBXFileReference; includeInIndex = 1; lastKnownFileType = text.plist.xml; name = "Pods-TodayExtension-settings-metadata.plist"; path = "GitHubContributions/Settings.bundle/Pods-TodayExtension-settings-metadata.plist"; sourceTree = "<group>"; };
		DBBF7451C332543E2F9FABD2 /* Pods-ContributionsOnWatch Extension.debug.xcconfig */ = {isa = PBXFileReference; includeInIndex = 1; lastKnownFileType = text.xcconfig; name = "Pods-ContributionsOnWatch Extension.debug.xcconfig"; path = "Pods/Target Support Files/Pods-ContributionsOnWatch Extension/Pods-ContributionsOnWatch Extension.debug.xcconfig"; sourceTree = "<group>"; };
		E3ECA54723EECDD74E656CF5 /* Pods-GitHubContributions-metadata.plist */ = {isa = PBXFileReference; includeInIndex = 1; lastKnownFileType = text.plist.xml; name = "Pods-GitHubContributions-metadata.plist"; path = "Pods/Pods-GitHubContributions-metadata.plist"; sourceTree = "<group>"; };
		E72C971AF1C5EA06986FD74D /* Pods-GitHubContributions-settings-metadata.plist */ = {isa = PBXFileReference; includeInIndex = 1; lastKnownFileType = text.plist.xml; name = "Pods-GitHubContributions-settings-metadata.plist"; path = "GitHubContributions/Settings.bundle/Pods-GitHubContributions-settings-metadata.plist"; sourceTree = "<group>"; };
		F6FF73B72CF8CE6258D62013 /* libPods-GitHubContributions.a */ = {isa = PBXFileReference; explicitFileType = archive.ar; includeInIndex = 0; path = "libPods-GitHubContributions.a"; sourceTree = BUILT_PRODUCTS_DIR; };
/* End PBXFileReference section */

/* Begin PBXFrameworksBuildPhase section */
		0D0CE4D61DF76B1B0036351D /* Frameworks */ = {
			isa = PBXFrameworksBuildPhase;
			buildActionMask = 2147483647;
			files = (
				9617395C9EBF34E2D36B9981 /* libPods-ContributionsOnWatch Extension.a in Frameworks */,
			);
			runOnlyForDeploymentPostprocessing = 0;
		};
		0DB556661D859A120042275E /* Frameworks */ = {
			isa = PBXFrameworksBuildPhase;
			buildActionMask = 2147483647;
			files = (
				0D90440C1E40D9DB002F9A61 /* MobileCoreServices.framework in Frameworks */,
				0D90440A1E40D9CA002F9A61 /* CoreSpotlight.framework in Frameworks */,
				0D0BA8071DF79E1100A893AB /* WatchConnectivity.framework in Frameworks */,
				036F632D267B073666A2AE01 /* libPods-GitHubContributions.a in Frameworks */,
			);
			runOnlyForDeploymentPostprocessing = 0;
		};
		0DB556841D859A430042275E /* Frameworks */ = {
			isa = PBXFrameworksBuildPhase;
			buildActionMask = 2147483647;
			files = (
				0D014C1F1D86AAE400212FF1 /* SceneKit.framework in Frameworks */,
				0DB5568A1D859A430042275E /* NotificationCenter.framework in Frameworks */,
				952731AEB4CB6F421E020BFB /* libPods-TodayExtension.a in Frameworks */,
			);
			runOnlyForDeploymentPostprocessing = 0;
		};
		697F26F22569D80C02BDD7BB /* Frameworks */ = {
			isa = PBXFrameworksBuildPhase;
			buildActionMask = 2147483647;
			files = (
				0D10F0EB1DF9F52E00904A8B /* WatchConnectivity.framework in Frameworks */,
				0D0BA80B1DF7AECD00A893AB /* SceneKit.framework in Frameworks */,
			);
			runOnlyForDeploymentPostprocessing = 0;
		};
/* End PBXFrameworksBuildPhase section */

/* Begin PBXGroup section */
		0D0CE4CE1DF76B1B0036351D /* ContributionsOnWatch */ = {
			isa = PBXGroup;
			children = (
				0D14EAEE1DF76F5E002AF0C3 /* ContributionsOnWatch.entitlements */,
				0D0CE4CF1DF76B1B0036351D /* Interface.storyboard */,
				0D0CE4D21DF76B1B0036351D /* Assets.xcassets */,
				0D0CE4D41DF76B1B0036351D /* Info.plist */,
			);
			path = ContributionsOnWatch;
			sourceTree = "<group>";
		};
		0D0CE4DD1DF76B1C0036351D /* ContributionsOnWatch Extension */ = {
			isa = PBXGroup;
			children = (
				0D14EAEF1DF76F68002AF0C3 /* ContributionsOnWatch Extension.entitlements */,
				0D14EAF71DF78FED002AF0C3 /* View */,
				0D14EAFA1DF790BE002AF0C3 /* Controller */,
				0D0CE4E31DF76B1C0036351D /* ExtensionDelegate.h */,
				0D0CE4E41DF76B1C0036351D /* ExtensionDelegate.m */,
				0D0CE4E61DF76B1C0036351D /* NotificationController.h */,
				0D0CE4E71DF76B1C0036351D /* NotificationController.m */,
				0D0CE4E91DF76B1C0036351D /* ComplicationController.h */,
				0D0CE4EA1DF76B1C0036351D /* ComplicationController.m */,
				0D0CE4EC1DF76B1C0036351D /* Assets.xcassets */,
				0D0CE4EE1DF76B1C0036351D /* Info.plist */,
				0D0CE4DE1DF76B1C0036351D /* Supporting Files */,
				0D10F0F01DFB2E5A00904A8B /* ckcomplication.strings */,
			);
			path = "ContributionsOnWatch Extension";
			sourceTree = "<group>";
		};
		0D0CE4DE1DF76B1C0036351D /* Supporting Files */ = {
			isa = PBXGroup;
			children = (
				0D0CE4DF1DF76B1C0036351D /* PushNotificationPayload.apns */,
			);
			name = "Supporting Files";
			sourceTree = "<group>";
		};
		0D14EAF71DF78FED002AF0C3 /* View */ = {
			isa = PBXGroup;
			children = (
				0D14EAF01DF781ED002AF0C3 /* JZComplicationDataManager.h */,
				0D14EAF11DF781ED002AF0C3 /* JZComplicationDataManager.m */,
			);
			name = View;
			path = "ContributionsOnWatch Extension";
			sourceTree = SOURCE_ROOT;
		};
		0D14EAFA1DF790BE002AF0C3 /* Controller */ = {
			isa = PBXGroup;
			children = (
				0D10F0E71DF9CB1F00904A8B /* JZCommitImageInterfaceController.h */,
				0D10F0E81DF9CB1F00904A8B /* JZCommitImageInterfaceController.m */,
				0D1AF72C1DF7967400EAA85D /* JZCommitSceneInterfaceController.h */,
				0D1AF72D1DF7967400EAA85D /* JZCommitSceneInterfaceController.m */,
				0D1AF72F1DF798C200EAA85D /* JZSettingsInterfaceController.h */,
				0D1AF7301DF798C200EAA85D /* JZSettingsInterfaceController.m */,
			);
			name = Controller;
			path = ../ContributionsOnWatch;
			sourceTree = "<group>";
		};
		0D14EAFF1DF7913A002AF0C3 /* Data */ = {
			isa = PBXGroup;
			children = (
				0DEF7A501D86812000761555 /* Reachability.h */,
				0DEF7A511D86812000761555 /* Reachability.m */,
			);
			name = Data;
			sourceTree = "<group>";
		};
		0D14EB001DF79144002AF0C3 /* Controller */ = {
			isa = PBXGroup;
			children = (
				0D7703FD1E1D52910019F507 /* JZIntroViewController.h */,
				0D7703FE1E1D52910019F507 /* JZIntroViewController.m */,
				0D96B1ED1E1B87A3001C1228 /* JZDataVisualizationManager.h */,
				0D96B1EE1E1B87A3001C1228 /* JZDataVisualizationManager.m */,
				0D96B1E61E1A9746001C1228 /* JZNotificationManager.h */,
				0D96B1E71E1A9746001C1228 /* JZNotificationManager.m */,
				0D9044061E40D983002F9A61 /* JZAppSearchManager.h */,
				0D9044071E40D983002F9A61 /* JZAppSearchManager.m */,
			);
			name = Controller;
			sourceTree = "<group>";
		};
		0D565F9E1D85CBF3006C0324 /* View */ = {
			isa = PBXGroup;
			children = (
				0DB556A11D85AB940042275E /* JZCommitImageView.h */,
				0DB556A21D85AB940042275E /* JZCommitImageView.m */,
				0D565F9B1D85CAC5006C0324 /* JZCommitSceneView.h */,
				0D565F9C1D85CAC5006C0324 /* JZCommitSceneView.m */,
			);
			name = View;
			sourceTree = "<group>";
		};
		0D565F9F1D85CBFD006C0324 /* Controller */ = {
			isa = PBXGroup;
			children = (
				0DB5568C1D859A430042275E /* TodayViewController.h */,
				0DB5568D1D859A430042275E /* TodayViewController.m */,
			);
			name = Controller;
			sourceTree = "<group>";
		};
		0D96B1E91E1A9C8A001C1228 /* Settings */ = {
			isa = PBXGroup;
			children = (
				0D96B1EA1E1A9C9A001C1228 /* Settings.bundle */,
			);
			name = Settings;
			sourceTree = "<group>";
		};
		0DB556601D859A120042275E = {
			isa = PBXGroup;
			children = (
				0DB5566B1D859A120042275E /* GitHubContributions */,
				0DB5568B1D859A430042275E /* TodayExtension */,
				0D0CE4CE1DF76B1B0036351D /* ContributionsOnWatch */,
				0D0CE4DD1DF76B1C0036351D /* ContributionsOnWatch Extension */,
				0DB556881D859A430042275E /* Frameworks */,
				0DB5566A1D859A120042275E /* Products */,
				102F0CAF98808953597A6685 /* Pods */,
			);
			sourceTree = "<group>";
		};
		0DB5566A1D859A120042275E /* Products */ = {
			isa = PBXGroup;
			children = (
				0DB556691D859A120042275E /* GitHubContributions.app */,
				0DB556871D859A430042275E /* TodayExtension.appex */,
				0D0CE4CD1DF76B1B0036351D /* ContributionsOnWatch.app */,
				0D0CE4D91DF76B1B0036351D /* ContributionsOnWatch Extension.appex */,
			);
			name = Products;
			sourceTree = "<group>";
		};
		0DB5566B1D859A120042275E /* GitHubContributions */ = {
			isa = PBXGroup;
			children = (
				0DEF7A451D85FC2B00761555 /* GitHubContributions.entitlements */,
				0D14EAF31DF78C01002AF0C3 /* JZHeader.h */,
				0DB5566F1D859A120042275E /* AppDelegate.h */,
				0DB556701D859A120042275E /* AppDelegate.m */,
				0D96B1E91E1A9C8A001C1228 /* Settings */,
				0D14EB001DF79144002AF0C3 /* Controller */,
				0D14EAFF1DF7913A002AF0C3 /* Data */,
				0DB556751D859A120042275E /* Main.storyboard */,
				0DB556781D859A120042275E /* Assets.xcassets */,
				0DB5567A1D859A120042275E /* LaunchScreen.storyboard */,
				0DB5567D1D859A120042275E /* Info.plist */,
				0DB5566C1D859A120042275E /* Supporting Files */,
			);
			path = GitHubContributions;
			sourceTree = "<group>";
		};
		0DB5566C1D859A120042275E /* Supporting Files */ = {
			isa = PBXGroup;
			children = (
				0DB5566D1D859A120042275E /* main.m */,
			);
			name = "Supporting Files";
			sourceTree = "<group>";
		};
		0DB556881D859A430042275E /* Frameworks */ = {
			isa = PBXGroup;
			children = (
				0D90440B1E40D9DB002F9A61 /* MobileCoreServices.framework */,
				0D9044091E40D9CA002F9A61 /* CoreSpotlight.framework */,
				0D10F0EA1DF9F52E00904A8B /* WatchConnectivity.framework */,
				0D0BA80A1DF7AECD00A893AB /* SceneKit.framework */,
				0D0BA8061DF79E1100A893AB /* WatchConnectivity.framework */,
				0DB5569A1D85A1710042275E /* SceneKit.framework */,
				0DB556891D859A430042275E /* NotificationCenter.framework */,
				F6FF73B72CF8CE6258D62013 /* libPods-GitHubContributions.a */,
				5B1FBCD065571765C1D4B127 /* libPods-TodayExtension.a */,
				36FBB3E500AE9DE44C4ACC3A /* libPods-ContributionsOnWatch Extension.a */,
				0D96B2001E1BA30B001C1228 /* UserNotifications.framework */,
				0D96B2021E1BA30B001C1228 /* UserNotificationsUI.framework */,
			);
			name = Frameworks;
			sourceTree = "<group>";
		};
		0DB5568B1D859A430042275E /* TodayExtension */ = {
			isa = PBXGroup;
			children = (
				0DEF7A461D85FC7E00761555 /* TodayExtension.entitlements */,
				0D565F9F1D85CBFD006C0324 /* Controller */,
				0D565F9E1D85CBF3006C0324 /* View */,
				0DB556A81D85B5200042275E /* Data */,
				0DB5568F1D859A430042275E /* MainInterface.storyboard */,
				0DB556921D859A430042275E /* Info.plist */,
				0DB5569C1D85A9F20042275E /* Assets.xcassets */,
			);
			path = TodayExtension;
			sourceTree = "<group>";
		};
		0DB556A81D85B5200042275E /* Data */ = {
			isa = PBXGroup;
			children = (
				0DB556A41D85B4970042275E /* JZCommitManager.h */,
				0DB556A51D85B4970042275E /* JZCommitManager.m */,
				0DB556A91D85B52D0042275E /* JZCommitDataModel.h */,
				0DB556AA1D85B52D0042275E /* JZCommitDataModel.m */,
			);
			name = Data;
			sourceTree = "<group>";
		};
		102F0CAF98808953597A6685 /* Pods */ = {
			isa = PBXGroup;
			children = (
				BE94186F89229304926B28EC /* Pods-GitHubContributions.debug.xcconfig */,
				C77384543F54CDE4CC88222F /* Pods-GitHubContributions.release.xcconfig */,
				2237E1EDAB39F7AA0EA47331 /* Pods-TodayExtension.debug.xcconfig */,
				01881A84E6066C9B7BFAB953 /* Pods-TodayExtension.release.xcconfig */,
				DBBF7451C332543E2F9FABD2 /* Pods-ContributionsOnWatch Extension.debug.xcconfig */,
				3A245A6947FC32EF01EBE6CC /* Pods-ContributionsOnWatch Extension.release.xcconfig */,
				E3ECA54723EECDD74E656CF5 /* Pods-GitHubContributions-metadata.plist */,
				E72C971AF1C5EA06986FD74D /* Pods-GitHubContributions-settings-metadata.plist */,
				1B8D0D93ED354561D6EC3122 /* Pods-TodayExtension-metadata.plist */,
				D657E72920B53E796FFABA39 /* Pods-TodayExtension-settings-metadata.plist */,
				B7C8BAA5D3FAD966FDCD99C4 /* Pods-ContributionsOnWatch Extension-metadata.plist */,
				A5603E050A82D3486F9B68D2 /* Pods-ContributionsOnWatch Extension-settings-metadata.plist */,
			);
			name = Pods;
			sourceTree = "<group>";
		};
/* End PBXGroup section */

/* Begin PBXNativeTarget section */
		0D0CE4CC1DF76B1B0036351D /* ContributionsOnWatch */ = {
			isa = PBXNativeTarget;
			buildConfigurationList = 0D0CE4F81DF76B1C0036351D /* Build configuration list for PBXNativeTarget "ContributionsOnWatch" */;
			buildPhases = (
				0D0CE4CB1DF76B1B0036351D /* Resources */,
				0D0CE4F71DF76B1C0036351D /* Embed App Extensions */,
				0D14EAEC1DF76D43002AF0C3 /* ShellScript */,
				697F26F22569D80C02BDD7BB /* Frameworks */,
			);
			buildRules = (
			);
			dependencies = (
				0D0CE4DC1DF76B1C0036351D /* PBXTargetDependency */,
			);
			name = ContributionsOnWatch;
			productName = ContributionsOnWatch;
			productReference = 0D0CE4CD1DF76B1B0036351D /* ContributionsOnWatch.app */;
			productType = "com.apple.product-type.application.watchapp2";
		};
		0D0CE4D81DF76B1B0036351D /* ContributionsOnWatch Extension */ = {
			isa = PBXNativeTarget;
			buildConfigurationList = 0D0CE4F61DF76B1C0036351D /* Build configuration list for PBXNativeTarget "ContributionsOnWatch Extension" */;
			buildPhases = (
				1456DC087F47741F97DC3BC5 /* [CP] Check Pods Manifest.lock */,
				0D0CE4D51DF76B1B0036351D /* Sources */,
				0D0CE4D61DF76B1B0036351D /* Frameworks */,
				0D0CE4D71DF76B1B0036351D /* Resources */,
				0D14EAED1DF76D46002AF0C3 /* ShellScript */,
				13F8E8B2E6E9A7A2884C851A /* [CP] Embed Pods Frameworks */,
				66654D9BE7DE1500BA39DCEA /* [CP] Copy Pods Resources */,
			);
			buildRules = (
			);
			dependencies = (
			);
			name = "ContributionsOnWatch Extension";
			productName = "ContributionsOnWatch Extension";
			productReference = 0D0CE4D91DF76B1B0036351D /* ContributionsOnWatch Extension.appex */;
			productType = "com.apple.product-type.watchkit2-extension";
		};
		0DB556681D859A120042275E /* GitHubContributions */ = {
			isa = PBXNativeTarget;
			buildConfigurationList = 0DB556801D859A120042275E /* Build configuration list for PBXNativeTarget "GitHubContributions" */;
			buildPhases = (
				2FD285DC7976C18C276D1D2A /* [CP] Check Pods Manifest.lock */,
				0DB556651D859A120042275E /* Sources */,
				0DB556661D859A120042275E /* Frameworks */,
				0DB556671D859A120042275E /* Resources */,
				0D96B1EC1E1AAFCF001C1228 /* ShellScript */,
				0DB556991D859A430042275E /* Embed App Extensions */,
				B7DE7E371EA76DCA30324E54 /* [CP] Embed Pods Frameworks */,
				A0D53904E8291543FD7AB94E /* [CP] Copy Pods Resources */,
				0DDE1A101DE6EAF000F12909 /* ShellScript */,
				0D0CE4F91DF76B1C0036351D /* Embed Watch Content */,
				0DBA3E8D1E0C060F00C1D8DA /* ShellScript */,
			);
			buildRules = (
			);
			dependencies = (
				0DB556941D859A430042275E /* PBXTargetDependency */,
				0D0CE4F01DF76B1C0036351D /* PBXTargetDependency */,
			);
			name = GitHubContributions;
			productName = GitHubContributions;
			productReference = 0DB556691D859A120042275E /* GitHubContributions.app */;
			productType = "com.apple.product-type.application";
		};
		0DB556861D859A430042275E /* TodayExtension */ = {
			isa = PBXNativeTarget;
			buildConfigurationList = 0DB556961D859A430042275E /* Build configuration list for PBXNativeTarget "TodayExtension" */;
			buildPhases = (
				F3F3A62EB8B6660E6B968AAA /* [CP] Check Pods Manifest.lock */,
				0DB556831D859A430042275E /* Sources */,
				0DB556841D859A430042275E /* Frameworks */,
				0DB556851D859A430042275E /* Resources */,
				794B7EF0240FD54F964B2E51 /* [CP] Copy Pods Resources */,
				0D6BD12D1D86AF470041C5FD /* ShellScript */,
				0D14EAEB1DF76D3D002AF0C3 /* ShellScript */,
				0DD4E3EF1E21029900E9FFFF /* ShellScript */,
			);
			buildRules = (
			);
			dependencies = (
			);
			name = TodayExtension;
			productName = TodayExtension;
			productReference = 0DB556871D859A430042275E /* TodayExtension.appex */;
			productType = "com.apple.product-type.app-extension";
		};
/* End PBXNativeTarget section */

/* Begin PBXProject section */
		0DB556611D859A120042275E /* Project object */ = {
			isa = PBXProject;
			attributes = {
				LastUpgradeCheck = 0810;
				ORGANIZATIONNAME = JustZht;
				TargetAttributes = {
					0D0CE4CC1DF76B1B0036351D = {
						CreatedOnToolsVersion = 8.1;
						DevelopmentTeam = 9QJ8M25J77;
						ProvisioningStyle = Automatic;
						SystemCapabilities = {
							com.apple.ApplicationGroups.iOS = {
								enabled = 1;
							};
							com.apple.BackgroundModes.watchos.app = {
								enabled = 1;
							};
						};
					};
					0D0CE4D81DF76B1B0036351D = {
						CreatedOnToolsVersion = 8.1;
						DevelopmentTeam = 9QJ8M25J77;
						ProvisioningStyle = Automatic;
						SystemCapabilities = {
							com.apple.ApplicationGroups.iOS = {
								enabled = 1;
							};
							com.apple.BackgroundModes.watchos.extension = {
								enabled = 1;
							};
							com.apple.Push = {
								enabled = 1;
							};
						};
					};
					0DB556681D859A120042275E = {
						CreatedOnToolsVersion = 8.0;
						DevelopmentTeam = 9QJ8M25J77;
						ProvisioningStyle = Automatic;
						SystemCapabilities = {
							com.apple.ApplicationGroups.iOS = {
								enabled = 1;
							};
							com.apple.BackgroundModes = {
								enabled = 1;
							};
							com.apple.Push = {
								enabled = 1;
							};
						};
					};
					0DB556861D859A430042275E = {
						CreatedOnToolsVersion = 8.0;
						DevelopmentTeam = 9QJ8M25J77;
						ProvisioningStyle = Automatic;
						SystemCapabilities = {
							com.apple.ApplicationGroups.iOS = {
								enabled = 1;
							};
						};
					};
				};
			};
			buildConfigurationList = 0DB556641D859A120042275E /* Build configuration list for PBXProject "GitHubContributions" */;
			compatibilityVersion = "Xcode 3.2";
			developmentRegion = English;
			hasScannedForEncodings = 0;
			knownRegions = (
				en,
				Base,
				"zh-Hans",
				"zh-Hant",
				ja,
			);
			mainGroup = 0DB556601D859A120042275E;
			productRefGroup = 0DB5566A1D859A120042275E /* Products */;
			projectDirPath = "";
			projectRoot = "";
			targets = (
				0DB556681D859A120042275E /* GitHubContributions */,
				0DB556861D859A430042275E /* TodayExtension */,
				0D0CE4CC1DF76B1B0036351D /* ContributionsOnWatch */,
				0D0CE4D81DF76B1B0036351D /* ContributionsOnWatch Extension */,
			);
		};
/* End PBXProject section */

/* Begin PBXResourcesBuildPhase section */
		0D0CE4CB1DF76B1B0036351D /* Resources */ = {
			isa = PBXResourcesBuildPhase;
			buildActionMask = 2147483647;
			files = (
				0D0CE4D31DF76B1B0036351D /* Assets.xcassets in Resources */,
				0D0CE4D11DF76B1B0036351D /* Interface.storyboard in Resources */,
			);
			runOnlyForDeploymentPostprocessing = 0;
		};
		0D0CE4D71DF76B1B0036351D /* Resources */ = {
			isa = PBXResourcesBuildPhase;
			buildActionMask = 2147483647;
			files = (
				0D10F0EE1DFB2E5A00904A8B /* ckcomplication.strings in Resources */,
				0D0CE4ED1DF76B1C0036351D /* Assets.xcassets in Resources */,
				A678BE80CF72460EB7239BD9 /* Pods-ContributionsOnWatch Extension-metadata.plist in Resources */,
				5E36697B78C0D44233888E56 /* Pods-ContributionsOnWatch Extension-settings-metadata.plist in Resources */,
			);
			runOnlyForDeploymentPostprocessing = 0;
		};
		0DB556671D859A120042275E /* Resources */ = {
			isa = PBXResourcesBuildPhase;
			buildActionMask = 2147483647;
			files = (
				0D96B1EB1E1A9C9A001C1228 /* Settings.bundle in Resources */,
				0DB5567C1D859A120042275E /* LaunchScreen.storyboard in Resources */,
				0DB556791D859A120042275E /* Assets.xcassets in Resources */,
				0DB556771D859A120042275E /* Main.storyboard in Resources */,
				6B747912C7B8314E5FAFE18A /* Pods-GitHubContributions-metadata.plist in Resources */,
				D2363A55E4477AA033E81A0D /* Pods-GitHubContributions-settings-metadata.plist in Resources */,
			);
			runOnlyForDeploymentPostprocessing = 0;
		};
		0DB556851D859A430042275E /* Resources */ = {
			isa = PBXResourcesBuildPhase;
			buildActionMask = 2147483647;
			files = (
				0DB5569D1D85A9F20042275E /* Assets.xcassets in Resources */,
				0DB556911D859A430042275E /* MainInterface.storyboard in Resources */,
				287DFBDF760673F29A0DC0CF /* Pods-TodayExtension-metadata.plist in Resources */,
				214B175D2E8668D3A43786E9 /* Pods-TodayExtension-settings-metadata.plist in Resources */,
			);
			runOnlyForDeploymentPostprocessing = 0;
		};
/* End PBXResourcesBuildPhase section */

/* Begin PBXShellScriptBuildPhase section */
		0D14EAEB1DF76D3D002AF0C3 /* ShellScript */ = {
			isa = PBXShellScriptBuildPhase;
			buildActionMask = 2147483647;
			files = (
			);
			inputPaths = (
			);
			outputPaths = (
			);
			runOnlyForDeploymentPostprocessing = 0;
			shellPath = /bin/sh;
			shellScript = "\n# xcode-build-bump.sh\n# @desc Auto-increment the build number every time the project is run.\n# @usage\n# 1. Select: your Target in Xcode\n# 2. Select: Build Phases Tab\n# 3. Select: Add Build Phase -> Add Run Script\n# 4. Paste code below in to new \"Run Script\" section\n# 5. Drag the \"Run Script\" below \"Link Binaries With Libraries\"\n# 6. Insure that your starting build number is set to a whole integer and not a float (e.g. 1, not 1.0)\n\nbuildNumber=$(/usr/libexec/PlistBuddy -c \"Print CFBundleVersion\" \"${PROJECT_DIR}/${INFOPLIST_FILE}\")\nbuildNumber=$(($buildNumber + 1))\n/usr/libexec/PlistBuddy -c \"Set :CFBundleVersion $buildNumber\" \"${PROJECT_DIR}/${INFOPLIST_FILE}\"";
		};
		0D14EAEC1DF76D43002AF0C3 /* ShellScript */ = {
			isa = PBXShellScriptBuildPhase;
			buildActionMask = 2147483647;
			files = (
			);
			inputPaths = (
			);
			outputPaths = (
			);
			runOnlyForDeploymentPostprocessing = 0;
			shellPath = /bin/sh;
			shellScript = "\n# xcode-build-bump.sh\n# @desc Auto-increment the build number every time the project is run.\n# @usage\n# 1. Select: your Target in Xcode\n# 2. Select: Build Phases Tab\n# 3. Select: Add Build Phase -> Add Run Script\n# 4. Paste code below in to new \"Run Script\" section\n# 5. Drag the \"Run Script\" below \"Link Binaries With Libraries\"\n# 6. Insure that your starting build number is set to a whole integer and not a float (e.g. 1, not 1.0)\n\nbuildNumber=$(/usr/libexec/PlistBuddy -c \"Print CFBundleVersion\" \"${PROJECT_DIR}/${INFOPLIST_FILE}\")\nbuildNumber=$(($buildNumber + 1))\n/usr/libexec/PlistBuddy -c \"Set :CFBundleVersion $buildNumber\" \"${PROJECT_DIR}/${INFOPLIST_FILE}\"";
		};
		0D14EAED1DF76D46002AF0C3 /* ShellScript */ = {
			isa = PBXShellScriptBuildPhase;
			buildActionMask = 2147483647;
			files = (
			);
			inputPaths = (
			);
			outputPaths = (
			);
			runOnlyForDeploymentPostprocessing = 0;
			shellPath = /bin/sh;
			shellScript = "\n# xcode-build-bump.sh\n# @desc Auto-increment the build number every time the project is run.\n# @usage\n# 1. Select: your Target in Xcode\n# 2. Select: Build Phases Tab\n# 3. Select: Add Build Phase -> Add Run Script\n# 4. Paste code below in to new \"Run Script\" section\n# 5. Drag the \"Run Script\" below \"Link Binaries With Libraries\"\n# 6. Insure that your starting build number is set to a whole integer and not a float (e.g. 1, not 1.0)\n\nbuildNumber=$(/usr/libexec/PlistBuddy -c \"Print CFBundleVersion\" \"${PROJECT_DIR}/${INFOPLIST_FILE}\")\nbuildNumber=$(($buildNumber + 1))\n/usr/libexec/PlistBuddy -c \"Set :CFBundleVersion $buildNumber\" \"${PROJECT_DIR}/${INFOPLIST_FILE}\"";
		};
		0D6BD12D1D86AF470041C5FD /* ShellScript */ = {
			isa = PBXShellScriptBuildPhase;
			buildActionMask = 2147483647;
			files = (
			);
			inputPaths = (
			);
			outputPaths = (
			);
			runOnlyForDeploymentPostprocessing = 0;
			shellPath = /bin/sh;
			shellScript = "cd \"${CONFIGURATION_BUILD_DIR}/${UNLOCALIZED_RESOURCES_FOLDER_PATH}/\"\nif [[ -d \"Frameworks\" ]]; then\nrm -fr Frameworks\nfi";
		};
		0D96B1EC1E1AAFCF001C1228 /* ShellScript */ = {
			isa = PBXShellScriptBuildPhase;
			buildActionMask = 2147483647;
			files = (
			);
			inputPaths = (
			);
			outputPaths = (
			);
			runOnlyForDeploymentPostprocessing = 0;
			shellPath = /bin/sh;
			shellScript = "version=$(/usr/libexec/PlistBuddy -c \"Print CFBundleShortVersionString\" \"$PROJECT_DIR/$INFOPLIST_FILE\")\nbuild=$(/usr/libexec/PlistBuddy -c \"Print CFBundleVersion\" \"$PROJECT_DIR/$INFOPLIST_FILE\")\n/usr/libexec/PlistBuddy -c \"Set PreferenceSpecifiers:0:DefaultValue $version ($build)\" \"$CODESIGNING_FOLDER_PATH/Settings.bundle/Root.plist\"";
		};
		0DBA3E8D1E0C060F00C1D8DA /* ShellScript */ = {
			isa = PBXShellScriptBuildPhase;
			buildActionMask = 2147483647;
			files = (
			);
			inputPaths = (
			);
			outputPaths = (
			);
			runOnlyForDeploymentPostprocessing = 0;
			shellPath = /bin/sh;
			shellScript = "\"${PODS_ROOT}/Fabric/run\" a16b406fd4e2436ed428a29739ef5d3c14fb0569 c8d93fa2d50501a4777180b0094f40eaa2e24282ffe23af26ca2448d10487bc5";
		};
		0DD4E3EF1E21029900E9FFFF /* ShellScript */ = {
			isa = PBXShellScriptBuildPhase;
			buildActionMask = 2147483647;
			files = (
			);
			inputPaths = (
			);
			outputPaths = (
			);
			runOnlyForDeploymentPostprocessing = 0;
			shellPath = /bin/sh;
			shellScript = "\"${PODS_ROOT}/Fabric/run\" a16b406fd4e2436ed428a29739ef5d3c14fb0569 c8d93fa2d50501a4777180b0094f40eaa2e24282ffe23af26ca2448d10487bc5";
		};
		0DDE1A101DE6EAF000F12909 /* ShellScript */ = {
			isa = PBXShellScriptBuildPhase;
			buildActionMask = 2147483647;
			files = (
			);
			inputPaths = (
			);
			outputPaths = (
			);
			runOnlyForDeploymentPostprocessing = 0;
			shellPath = /bin/sh;
			shellScript = "\n# xcode-build-bump.sh\n# @desc Auto-increment the build number every time the project is run.\n# @usage\n# 1. Select: your Target in Xcode\n# 2. Select: Build Phases Tab\n# 3. Select: Add Build Phase -> Add Run Script\n# 4. Paste code below in to new \"Run Script\" section\n# 5. Drag the \"Run Script\" below \"Link Binaries With Libraries\"\n# 6. Insure that your starting build number is set to a whole integer and not a float (e.g. 1, not 1.0)\n\nbuildNumber=$(/usr/libexec/PlistBuddy -c \"Print CFBundleVersion\" \"${PROJECT_DIR}/${INFOPLIST_FILE}\")\nbuildNumber=$(($buildNumber + 1))\n/usr/libexec/PlistBuddy -c \"Set :CFBundleVersion $buildNumber\" \"${PROJECT_DIR}/${INFOPLIST_FILE}\"";
		};
		13F8E8B2E6E9A7A2884C851A /* [CP] Embed Pods Frameworks */ = {
			isa = PBXShellScriptBuildPhase;
			buildActionMask = 2147483647;
			files = (
			);
			inputPaths = (
			);
			name = "[CP] Embed Pods Frameworks";
			outputPaths = (
			);
			runOnlyForDeploymentPostprocessing = 0;
			shellPath = /bin/sh;
			shellScript = "\"${SRCROOT}/Pods/Target Support Files/Pods-ContributionsOnWatch Extension/Pods-ContributionsOnWatch Extension-frameworks.sh\"\n";
			showEnvVarsInLog = 0;
		};
		1456DC087F47741F97DC3BC5 /* [CP] Check Pods Manifest.lock */ = {
			isa = PBXShellScriptBuildPhase;
			buildActionMask = 2147483647;
			files = (
			);
			inputPaths = (
				"${PODS_PODFILE_DIR_PATH}/Podfile.lock",
				"${PODS_ROOT}/Manifest.lock",
			);
			name = "[CP] Check Pods Manifest.lock";
			outputPaths = (
				"$(DERIVED_FILE_DIR)/Pods-ContributionsOnWatch Extension-checkManifestLockResult.txt",
			);
			runOnlyForDeploymentPostprocessing = 0;
			shellPath = /bin/sh;
			shellScript = "diff \"${PODS_PODFILE_DIR_PATH}/Podfile.lock\" \"${PODS_ROOT}/Manifest.lock\" > /dev/null\nif [ $? != 0 ] ; then\n    # print error to STDERR\n    echo \"error: The sandbox is not in sync with the Podfile.lock. Run 'pod install' or update your CocoaPods installation.\" >&2\n    exit 1\nfi\n# This output is used by Xcode 'outputs' to avoid re-running this script phase.\necho \"SUCCESS\" > \"${SCRIPT_OUTPUT_FILE_0}\"\n";
			showEnvVarsInLog = 0;
		};
		2FD285DC7976C18C276D1D2A /* [CP] Check Pods Manifest.lock */ = {
			isa = PBXShellScriptBuildPhase;
			buildActionMask = 2147483647;
			files = (
			);
			inputPaths = (
				"${PODS_PODFILE_DIR_PATH}/Podfile.lock",
				"${PODS_ROOT}/Manifest.lock",
			);
			name = "[CP] Check Pods Manifest.lock";
			outputPaths = (
				"$(DERIVED_FILE_DIR)/Pods-GitHubContributions-checkManifestLockResult.txt",
			);
			runOnlyForDeploymentPostprocessing = 0;
			shellPath = /bin/sh;
			shellScript = "diff \"${PODS_PODFILE_DIR_PATH}/Podfile.lock\" \"${PODS_ROOT}/Manifest.lock\" > /dev/null\nif [ $? != 0 ] ; then\n    # print error to STDERR\n    echo \"error: The sandbox is not in sync with the Podfile.lock. Run 'pod install' or update your CocoaPods installation.\" >&2\n    exit 1\nfi\n# This output is used by Xcode 'outputs' to avoid re-running this script phase.\necho \"SUCCESS\" > \"${SCRIPT_OUTPUT_FILE_0}\"\n";
			showEnvVarsInLog = 0;
		};
		66654D9BE7DE1500BA39DCEA /* [CP] Copy Pods Resources */ = {
			isa = PBXShellScriptBuildPhase;
			buildActionMask = 2147483647;
			files = (
			);
			inputPaths = (
			);
			name = "[CP] Copy Pods Resources";
			outputPaths = (
			);
			runOnlyForDeploymentPostprocessing = 0;
			shellPath = /bin/sh;
			shellScript = "\"${SRCROOT}/Pods/Target Support Files/Pods-ContributionsOnWatch Extension/Pods-ContributionsOnWatch Extension-resources.sh\"\n";
			showEnvVarsInLog = 0;
		};
		794B7EF0240FD54F964B2E51 /* [CP] Copy Pods Resources */ = {
			isa = PBXShellScriptBuildPhase;
			buildActionMask = 2147483647;
			files = (
			);
			inputPaths = (
				"${SRCROOT}/Pods/Target Support Files/Pods-TodayExtension/Pods-TodayExtension-resources.sh",
				"${PODS_ROOT}/DateTools/DateTools/DateTools/DateTools.bundle",
			);
			name = "[CP] Copy Pods Resources";
			outputPaths = (
				"${TARGET_BUILD_DIR}/${UNLOCALIZED_RESOURCES_FOLDER_PATH}",
			);
			runOnlyForDeploymentPostprocessing = 0;
			shellPath = /bin/sh;
			shellScript = "\"${SRCROOT}/Pods/Target Support Files/Pods-TodayExtension/Pods-TodayExtension-resources.sh\"\n";
			showEnvVarsInLog = 0;
		};
		A0D53904E8291543FD7AB94E /* [CP] Copy Pods Resources */ = {
			isa = PBXShellScriptBuildPhase;
			buildActionMask = 2147483647;
			files = (
			);
			inputPaths = (
				"${SRCROOT}/Pods/Target Support Files/Pods-GitHubContributions/Pods-GitHubContributions-resources.sh",
				"${PODS_ROOT}/DateTools/DateTools/DateTools/DateTools.bundle",
				"${PODS_ROOT}/IQKeyboardManager/IQKeyboardManager/Resources/IQKeyboardManager.bundle",
			);
			name = "[CP] Copy Pods Resources";
			outputPaths = (
				"${TARGET_BUILD_DIR}/${UNLOCALIZED_RESOURCES_FOLDER_PATH}",
			);
			runOnlyForDeploymentPostprocessing = 0;
			shellPath = /bin/sh;
			shellScript = "\"${SRCROOT}/Pods/Target Support Files/Pods-GitHubContributions/Pods-GitHubContributions-resources.sh\"\n";
			showEnvVarsInLog = 0;
		};
		B7DE7E371EA76DCA30324E54 /* [CP] Embed Pods Frameworks */ = {
			isa = PBXShellScriptBuildPhase;
			buildActionMask = 2147483647;
			files = (
			);
			inputPaths = (
			);
			name = "[CP] Embed Pods Frameworks";
			outputPaths = (
			);
			runOnlyForDeploymentPostprocessing = 0;
			shellPath = /bin/sh;
			shellScript = "\"${SRCROOT}/Pods/Target Support Files/Pods-GitHubContributions/Pods-GitHubContributions-frameworks.sh\"\n";
			showEnvVarsInLog = 0;
		};
		F3F3A62EB8B6660E6B968AAA /* [CP] Check Pods Manifest.lock */ = {
			isa = PBXShellScriptBuildPhase;
			buildActionMask = 2147483647;
			files = (
			);
			inputPaths = (
				"${PODS_PODFILE_DIR_PATH}/Podfile.lock",
				"${PODS_ROOT}/Manifest.lock",
			);
			name = "[CP] Check Pods Manifest.lock";
			outputPaths = (
				"$(DERIVED_FILE_DIR)/Pods-TodayExtension-checkManifestLockResult.txt",
			);
			runOnlyForDeploymentPostprocessing = 0;
			shellPath = /bin/sh;
			shellScript = "diff \"${PODS_PODFILE_DIR_PATH}/Podfile.lock\" \"${PODS_ROOT}/Manifest.lock\" > /dev/null\nif [ $? != 0 ] ; then\n    # print error to STDERR\n    echo \"error: The sandbox is not in sync with the Podfile.lock. Run 'pod install' or update your CocoaPods installation.\" >&2\n    exit 1\nfi\n# This output is used by Xcode 'outputs' to avoid re-running this script phase.\necho \"SUCCESS\" > \"${SCRIPT_OUTPUT_FILE_0}\"\n";
			showEnvVarsInLog = 0;
		};
/* End PBXShellScriptBuildPhase section */

/* Begin PBXSourcesBuildPhase section */
		0D0CE4D51DF76B1B0036351D /* Sources */ = {
			isa = PBXSourcesBuildPhase;
			buildActionMask = 2147483647;
			files = (
				0D1AF7311DF798C200EAA85D /* JZSettingsInterfaceController.m in Sources */,
				0D0CE4E51DF76B1C0036351D /* ExtensionDelegate.m in Sources */,
				0D0CE4EB1DF76B1C0036351D /* ComplicationController.m in Sources */,
				0D0BA8091DF7AD9000A893AB /* JZCommitManager.m in Sources */,
				0D10F0E91DF9CB1F00904A8B /* JZCommitImageInterfaceController.m in Sources */,
				0D14EAF21DF781ED002AF0C3 /* JZComplicationDataManager.m in Sources */,
				0D7703FC1E1C19A00019F507 /* JZDataVisualizationManager.m in Sources */,
				0D1AF72E1DF7967400EAA85D /* JZCommitSceneInterfaceController.m in Sources */,
				0D0BA8081DF7A4B700A893AB /* JZCommitDataModel.m in Sources */,
				0D0CE4E81DF76B1C0036351D /* NotificationController.m in Sources */,
			);
			runOnlyForDeploymentPostprocessing = 0;
		};
		0DB556651D859A120042275E /* Sources */ = {
			isa = PBXSourcesBuildPhase;
			buildActionMask = 2147483647;
			files = (
				0DEF7A481D85FE7D00761555 /* JZCommitDataModel.m in Sources */,
				0D7703FF1E1D52910019F507 /* JZIntroViewController.m in Sources */,
				0DEF7A471D85FE7A00761555 /* JZCommitManager.m in Sources */,
				0D9044081E40D983002F9A61 /* JZAppSearchManager.m in Sources */,
				0D96B1EF1E1B87A3001C1228 /* JZDataVisualizationManager.m in Sources */,
				0DB556711D859A120042275E /* AppDelegate.m in Sources */,
				0DEF7A521D86812000761555 /* Reachability.m in Sources */,
				0D96B1E81E1A9746001C1228 /* JZNotificationManager.m in Sources */,
				0DB5566E1D859A120042275E /* main.m in Sources */,
			);
			runOnlyForDeploymentPostprocessing = 0;
		};
		0DB556831D859A430042275E /* Sources */ = {
			isa = PBXSourcesBuildPhase;
			buildActionMask = 2147483647;
			files = (
				0DB556A71D85B4970042275E /* JZCommitManager.m in Sources */,
				0D96B1F01E1B87A3001C1228 /* JZDataVisualizationManager.m in Sources */,
				0DB5568E1D859A430042275E /* TodayViewController.m in Sources */,
				0DB556AC1D85B52D0042275E /* JZCommitDataModel.m in Sources */,
				0DEF7A531D86812000761555 /* Reachability.m in Sources */,
				0D565F9D1D85CAC5006C0324 /* JZCommitSceneView.m in Sources */,
				0D14EAF61DF78FC7002AF0C3 /* JZCommitImageView.m in Sources */,
			);
			runOnlyForDeploymentPostprocessing = 0;
		};
/* End PBXSourcesBuildPhase section */

/* Begin PBXTargetDependency section */
		0D0CE4DC1DF76B1C0036351D /* PBXTargetDependency */ = {
			isa = PBXTargetDependency;
			target = 0D0CE4D81DF76B1B0036351D /* ContributionsOnWatch Extension */;
			targetProxy = 0D0CE4DB1DF76B1C0036351D /* PBXContainerItemProxy */;
		};
		0D0CE4F01DF76B1C0036351D /* PBXTargetDependency */ = {
			isa = PBXTargetDependency;
			target = 0D0CE4CC1DF76B1B0036351D /* ContributionsOnWatch */;
			targetProxy = 0D0CE4EF1DF76B1C0036351D /* PBXContainerItemProxy */;
		};
		0DB556941D859A430042275E /* PBXTargetDependency */ = {
			isa = PBXTargetDependency;
			target = 0DB556861D859A430042275E /* TodayExtension */;
			targetProxy = 0DB556931D859A430042275E /* PBXContainerItemProxy */;
		};
/* End PBXTargetDependency section */

/* Begin PBXVariantGroup section */
		0D0CE4CF1DF76B1B0036351D /* Interface.storyboard */ = {
			isa = PBXVariantGroup;
			children = (
				0D0CE4D01DF76B1B0036351D /* Base */,
				0D10F0F81DFB3F1900904A8B /* zh-Hans */,
				0D96B1F41E1B95C0001C1228 /* zh-Hant */,
				0D96B1F91E1B95D1001C1228 /* ja */,
			);
			name = Interface.storyboard;
			sourceTree = "<group>";
		};
		0D10F0F01DFB2E5A00904A8B /* ckcomplication.strings */ = {
			isa = PBXVariantGroup;
			children = (
				0D10F0EF1DFB2E5A00904A8B /* en */,
				0D10F0F11DFB2E5E00904A8B /* Base */,
				0D10F0F61DFB300F00904A8B /* zh-Hans */,
				0D96B1F51E1B95C0001C1228 /* zh-Hant */,
				0D96B1FA1E1B95D1001C1228 /* ja */,
			);
			name = ckcomplication.strings;
			sourceTree = "<group>";
		};
		0DB556751D859A120042275E /* Main.storyboard */ = {
			isa = PBXVariantGroup;
			children = (
				0DB556761D859A120042275E /* Base */,
				0D10F0F21DFB300E00904A8B /* zh-Hans */,
				0D96B1F11E1B95BF001C1228 /* zh-Hant */,
				0D96B1F61E1B95D1001C1228 /* ja */,
			);
			name = Main.storyboard;
			sourceTree = "<group>";
		};
		0DB5567A1D859A120042275E /* LaunchScreen.storyboard */ = {
			isa = PBXVariantGroup;
			children = (
				0DB5567B1D859A120042275E /* Base */,
				0D10F0F31DFB300E00904A8B /* zh-Hans */,
				0D96B1F21E1B95BF001C1228 /* zh-Hant */,
				0D96B1F71E1B95D1001C1228 /* ja */,
			);
			name = LaunchScreen.storyboard;
			sourceTree = "<group>";
		};
		0DB5568F1D859A430042275E /* MainInterface.storyboard */ = {
			isa = PBXVariantGroup;
			children = (
				0DB556901D859A430042275E /* Base */,
				0D10F0F41DFB300F00904A8B /* zh-Hans */,
				0D96B1F31E1B95C0001C1228 /* zh-Hant */,
				0D96B1F81E1B95D1001C1228 /* ja */,
			);
			name = MainInterface.storyboard;
			sourceTree = "<group>";
		};
/* End PBXVariantGroup section */

/* Begin XCBuildConfiguration section */
		0D0CE4F21DF76B1C0036351D /* Debug */ = {
			isa = XCBuildConfiguration;
			buildSettings = {
				ASSETCATALOG_COMPILER_APPICON_NAME = AppIcon;
				CODE_SIGN_ENTITLEMENTS = ContributionsOnWatch/ContributionsOnWatch.entitlements;
				DEVELOPMENT_TEAM = 9QJ8M25J77;
				IBSC_MODULE = ContributionsOnWatch_Extension;
				INFOPLIST_FILE = ContributionsOnWatch/Info.plist;
				PRODUCT_BUNDLE_IDENTIFIER = com.JustZht.GitHubContributions.watchkitapp;
				PRODUCT_NAME = "$(TARGET_NAME)";
				SDKROOT = watchos;
				SKIP_INSTALL = YES;
				TARGETED_DEVICE_FAMILY = 4;
				WATCHOS_DEPLOYMENT_TARGET = 3.0;
			};
			name = Debug;
		};
		0D0CE4F31DF76B1C0036351D /* Release */ = {
			isa = XCBuildConfiguration;
			buildSettings = {
				ASSETCATALOG_COMPILER_APPICON_NAME = AppIcon;
				CODE_SIGN_ENTITLEMENTS = ContributionsOnWatch/ContributionsOnWatch.entitlements;
				DEVELOPMENT_TEAM = 9QJ8M25J77;
				IBSC_MODULE = ContributionsOnWatch_Extension;
				INFOPLIST_FILE = ContributionsOnWatch/Info.plist;
				PRODUCT_BUNDLE_IDENTIFIER = com.JustZht.GitHubContributions.watchkitapp;
				PRODUCT_NAME = "$(TARGET_NAME)";
				SDKROOT = watchos;
				SKIP_INSTALL = YES;
				TARGETED_DEVICE_FAMILY = 4;
				WATCHOS_DEPLOYMENT_TARGET = 3.0;
			};
			name = Release;
		};
		0D0CE4F41DF76B1C0036351D /* Debug */ = {
			isa = XCBuildConfiguration;
			baseConfigurationReference = DBBF7451C332543E2F9FABD2 /* Pods-ContributionsOnWatch Extension.debug.xcconfig */;
			buildSettings = {
				ASSETCATALOG_COMPILER_COMPLICATION_NAME = Complication;
				CODE_SIGN_ENTITLEMENTS = "ContributionsOnWatch Extension/ContributionsOnWatch Extension.entitlements";
				DEVELOPMENT_TEAM = 9QJ8M25J77;
				INFOPLIST_FILE = "ContributionsOnWatch Extension/Info.plist";
				LD_RUNPATH_SEARCH_PATHS = "$(inherited) @executable_path/Frameworks @executable_path/../../Frameworks";
				PRODUCT_BUNDLE_IDENTIFIER = com.JustZht.GitHubContributions.watchkitapp.watchkitextension;
				PRODUCT_NAME = "${TARGET_NAME}";
				SDKROOT = watchos;
				SKIP_INSTALL = YES;
				TARGETED_DEVICE_FAMILY = 4;
				WATCHOS_DEPLOYMENT_TARGET = 3.0;
			};
			name = Debug;
		};
		0D0CE4F51DF76B1C0036351D /* Release */ = {
			isa = XCBuildConfiguration;
			baseConfigurationReference = 3A245A6947FC32EF01EBE6CC /* Pods-ContributionsOnWatch Extension.release.xcconfig */;
			buildSettings = {
				ASSETCATALOG_COMPILER_COMPLICATION_NAME = Complication;
				CODE_SIGN_ENTITLEMENTS = "ContributionsOnWatch Extension/ContributionsOnWatch Extension.entitlements";
				DEVELOPMENT_TEAM = 9QJ8M25J77;
				INFOPLIST_FILE = "ContributionsOnWatch Extension/Info.plist";
				LD_RUNPATH_SEARCH_PATHS = "$(inherited) @executable_path/Frameworks @executable_path/../../Frameworks";
				PRODUCT_BUNDLE_IDENTIFIER = com.JustZht.GitHubContributions.watchkitapp.watchkitextension;
				PRODUCT_NAME = "${TARGET_NAME}";
				SDKROOT = watchos;
				SKIP_INSTALL = YES;
				TARGETED_DEVICE_FAMILY = 4;
				WATCHOS_DEPLOYMENT_TARGET = 3.0;
			};
			name = Release;
		};
		0DB5567E1D859A120042275E /* Debug */ = {
			isa = XCBuildConfiguration;
			buildSettings = {
				ALWAYS_SEARCH_USER_PATHS = NO;
				CLANG_ANALYZER_LOCALIZABILITY_NONLOCALIZED = YES;
				CLANG_ANALYZER_NONNULL = YES;
				CLANG_CXX_LANGUAGE_STANDARD = "gnu++0x";
				CLANG_CXX_LIBRARY = "libc++";
				CLANG_ENABLE_MODULES = YES;
				CLANG_ENABLE_OBJC_ARC = YES;
				CLANG_WARN_BOOL_CONVERSION = YES;
				CLANG_WARN_CONSTANT_CONVERSION = YES;
				CLANG_WARN_DIRECT_OBJC_ISA_USAGE = YES_ERROR;
				CLANG_WARN_DOCUMENTATION_COMMENTS = YES;
				CLANG_WARN_EMPTY_BODY = YES;
				CLANG_WARN_ENUM_CONVERSION = YES;
				CLANG_WARN_INFINITE_RECURSION = YES;
				CLANG_WARN_INT_CONVERSION = YES;
				CLANG_WARN_OBJC_ROOT_CLASS = YES_ERROR;
				CLANG_WARN_SUSPICIOUS_MOVE = YES;
				CLANG_WARN_SUSPICIOUS_MOVES = YES;
				CLANG_WARN_UNREACHABLE_CODE = YES;
				CLANG_WARN__DUPLICATE_METHOD_MATCH = YES;
				"CODE_SIGN_IDENTITY[sdk=iphoneos*]" = "iPhone Developer";
				COPY_PHASE_STRIP = NO;
				DEBUG_INFORMATION_FORMAT = dwarf;
				ENABLE_STRICT_OBJC_MSGSEND = YES;
				ENABLE_TESTABILITY = YES;
				GCC_C_LANGUAGE_STANDARD = gnu99;
				GCC_DYNAMIC_NO_PIC = NO;
				GCC_NO_COMMON_BLOCKS = YES;
				GCC_OPTIMIZATION_LEVEL = 0;
				GCC_PREPROCESSOR_DEFINITIONS = (
					"DEBUG=1",
					"$(inherited)",
				);
				GCC_WARN_64_TO_32_BIT_CONVERSION = YES;
				GCC_WARN_ABOUT_RETURN_TYPE = YES_ERROR;
				GCC_WARN_UNDECLARED_SELECTOR = YES;
				GCC_WARN_UNINITIALIZED_AUTOS = YES_AGGRESSIVE;
				GCC_WARN_UNUSED_FUNCTION = YES;
				GCC_WARN_UNUSED_VARIABLE = YES;
				IPHONEOS_DEPLOYMENT_TARGET = 10.0;
				MTL_ENABLE_DEBUG_INFO = YES;
				ONLY_ACTIVE_ARCH = YES;
				SDKROOT = iphoneos;
				TARGETED_DEVICE_FAMILY = "1,2";
			};
			name = Debug;
		};
		0DB5567F1D859A120042275E /* Release */ = {
			isa = XCBuildConfiguration;
			buildSettings = {
				ALWAYS_SEARCH_USER_PATHS = NO;
				CLANG_ANALYZER_LOCALIZABILITY_NONLOCALIZED = YES;
				CLANG_ANALYZER_NONNULL = YES;
				CLANG_CXX_LANGUAGE_STANDARD = "gnu++0x";
				CLANG_CXX_LIBRARY = "libc++";
				CLANG_ENABLE_MODULES = YES;
				CLANG_ENABLE_OBJC_ARC = YES;
				CLANG_WARN_BOOL_CONVERSION = YES;
				CLANG_WARN_CONSTANT_CONVERSION = YES;
				CLANG_WARN_DIRECT_OBJC_ISA_USAGE = YES_ERROR;
				CLANG_WARN_DOCUMENTATION_COMMENTS = YES;
				CLANG_WARN_EMPTY_BODY = YES;
				CLANG_WARN_ENUM_CONVERSION = YES;
				CLANG_WARN_INFINITE_RECURSION = YES;
				CLANG_WARN_INT_CONVERSION = YES;
				CLANG_WARN_OBJC_ROOT_CLASS = YES_ERROR;
				CLANG_WARN_SUSPICIOUS_MOVE = YES;
				CLANG_WARN_SUSPICIOUS_MOVES = YES;
				CLANG_WARN_UNREACHABLE_CODE = YES;
				CLANG_WARN__DUPLICATE_METHOD_MATCH = YES;
				"CODE_SIGN_IDENTITY[sdk=iphoneos*]" = "iPhone Developer";
				COPY_PHASE_STRIP = NO;
				DEBUG_INFORMATION_FORMAT = "dwarf-with-dsym";
				ENABLE_NS_ASSERTIONS = NO;
				ENABLE_STRICT_OBJC_MSGSEND = YES;
				GCC_C_LANGUAGE_STANDARD = gnu99;
				GCC_NO_COMMON_BLOCKS = YES;
				GCC_WARN_64_TO_32_BIT_CONVERSION = YES;
				GCC_WARN_ABOUT_RETURN_TYPE = YES_ERROR;
				GCC_WARN_UNDECLARED_SELECTOR = YES;
				GCC_WARN_UNINITIALIZED_AUTOS = YES_AGGRESSIVE;
				GCC_WARN_UNUSED_FUNCTION = YES;
				GCC_WARN_UNUSED_VARIABLE = YES;
				IPHONEOS_DEPLOYMENT_TARGET = 10.0;
				MTL_ENABLE_DEBUG_INFO = NO;
				SDKROOT = iphoneos;
				TARGETED_DEVICE_FAMILY = "1,2";
				VALIDATE_PRODUCT = YES;
			};
			name = Release;
		};
		0DB556811D859A120042275E /* Debug */ = {
			isa = XCBuildConfiguration;
			baseConfigurationReference = BE94186F89229304926B28EC /* Pods-GitHubContributions.debug.xcconfig */;
			buildSettings = {
				ASSETCATALOG_COMPILER_APPICON_NAME = AppIcon;
				CODE_SIGN_ENTITLEMENTS = GitHubContributions/GitHubContributions.entitlements;
				"CODE_SIGN_IDENTITY[sdk=iphoneos*]" = "iPhone Developer";
				DEVELOPMENT_TEAM = 9QJ8M25J77;
				INFOPLIST_FILE = GitHubContributions/Info.plist;
				IPHONEOS_DEPLOYMENT_TARGET = 10.0;
				LD_RUNPATH_SEARCH_PATHS = "$(inherited) @executable_path/Frameworks";
				PRODUCT_BUNDLE_IDENTIFIER = com.JustZht.GitHubContributions;
				PRODUCT_NAME = "$(TARGET_NAME)";
			};
			name = Debug;
		};
		0DB556821D859A120042275E /* Release */ = {
			isa = XCBuildConfiguration;
			baseConfigurationReference = C77384543F54CDE4CC88222F /* Pods-GitHubContributions.release.xcconfig */;
			buildSettings = {
				ASSETCATALOG_COMPILER_APPICON_NAME = AppIcon;
				CODE_SIGN_ENTITLEMENTS = GitHubContributions/GitHubContributions.entitlements;
				"CODE_SIGN_IDENTITY[sdk=iphoneos*]" = "iPhone Developer";
				DEVELOPMENT_TEAM = 9QJ8M25J77;
				INFOPLIST_FILE = GitHubContributions/Info.plist;
				IPHONEOS_DEPLOYMENT_TARGET = 10.0;
				LD_RUNPATH_SEARCH_PATHS = "$(inherited) @executable_path/Frameworks";
				PRODUCT_BUNDLE_IDENTIFIER = com.JustZht.GitHubContributions;
				PRODUCT_NAME = "$(TARGET_NAME)";
			};
			name = Release;
		};
		0DB556971D859A430042275E /* Debug */ = {
			isa = XCBuildConfiguration;
			baseConfigurationReference = 2237E1EDAB39F7AA0EA47331 /* Pods-TodayExtension.debug.xcconfig */;
			buildSettings = {
				CODE_SIGN_ENTITLEMENTS = TodayExtension/TodayExtension.entitlements;
				DEVELOPMENT_TEAM = 9QJ8M25J77;
				INFOPLIST_FILE = TodayExtension/Info.plist;
				IPHONEOS_DEPLOYMENT_TARGET = 10.0;
				LD_RUNPATH_SEARCH_PATHS = "$(inherited) @executable_path/Frameworks @executable_path/../../Frameworks";
				PRODUCT_BUNDLE_IDENTIFIER = com.JustZht.GitHubContributions.TodayExtension;
				PRODUCT_NAME = "$(TARGET_NAME)";
				SKIP_INSTALL = YES;
			};
			name = Debug;
		};
		0DB556981D859A430042275E /* Release */ = {
			isa = XCBuildConfiguration;
			baseConfigurationReference = 01881A84E6066C9B7BFAB953 /* Pods-TodayExtension.release.xcconfig */;
			buildSettings = {
				CODE_SIGN_ENTITLEMENTS = TodayExtension/TodayExtension.entitlements;
				DEVELOPMENT_TEAM = 9QJ8M25J77;
				INFOPLIST_FILE = TodayExtension/Info.plist;
				IPHONEOS_DEPLOYMENT_TARGET = 10.0;
				LD_RUNPATH_SEARCH_PATHS = "$(inherited) @executable_path/Frameworks @executable_path/../../Frameworks";
				PRODUCT_BUNDLE_IDENTIFIER = com.JustZht.GitHubContributions.TodayExtension;
				PRODUCT_NAME = "$(TARGET_NAME)";
				SKIP_INSTALL = YES;
			};
			name = Release;
		};
/* End XCBuildConfiguration section */

/* Begin XCConfigurationList section */
		0D0CE4F61DF76B1C0036351D /* Build configuration list for PBXNativeTarget "ContributionsOnWatch Extension" */ = {
			isa = XCConfigurationList;
			buildConfigurations = (
				0D0CE4F41DF76B1C0036351D /* Debug */,
				0D0CE4F51DF76B1C0036351D /* Release */,
			);
			defaultConfigurationIsVisible = 0;
			defaultConfigurationName = Release;
		};
		0D0CE4F81DF76B1C0036351D /* Build configuration list for PBXNativeTarget "ContributionsOnWatch" */ = {
			isa = XCConfigurationList;
			buildConfigurations = (
				0D0CE4F21DF76B1C0036351D /* Debug */,
				0D0CE4F31DF76B1C0036351D /* Release */,
			);
			defaultConfigurationIsVisible = 0;
			defaultConfigurationName = Release;
		};
		0DB556641D859A120042275E /* Build configuration list for PBXProject "GitHubContributions" */ = {
			isa = XCConfigurationList;
			buildConfigurations = (
				0DB5567E1D859A120042275E /* Debug */,
				0DB5567F1D859A120042275E /* Release */,
			);
			defaultConfigurationIsVisible = 0;
			defaultConfigurationName = Release;
		};
		0DB556801D859A120042275E /* Build configuration list for PBXNativeTarget "GitHubContributions" */ = {
			isa = XCConfigurationList;
			buildConfigurations = (
				0DB556811D859A120042275E /* Debug */,
				0DB556821D859A120042275E /* Release */,
			);
			defaultConfigurationIsVisible = 0;
			defaultConfigurationName = Release;
		};
		0DB556961D859A430042275E /* Build configuration list for PBXNativeTarget "TodayExtension" */ = {
			isa = XCConfigurationList;
			buildConfigurations = (
				0DB556971D859A430042275E /* Debug */,
				0DB556981D859A430042275E /* Release */,
			);
			defaultConfigurationIsVisible = 0;
			defaultConfigurationName = Release;
		};
/* End XCConfigurationList section */
	};
	rootObject = 0DB556611D859A120042275E /* Project object */;
}
