PODS:
  - Crashlytics (3.8.5):
    - Fabric (~> 1.6.3)
  - DateTools (2.0.0)
  - Fabric (1.6.12)
  - IQKeyboardManager (4.0.13)
  - JazzHands (2.0.8)
  - Masonry (1.0.2)
  - Shimmer (1.0.2)

DEPENDENCIES:
  - Crashlytics
  - DateTools
  - Fabric
  - IQKeyboardManager
  - JazzHands
  - Masonry
  - Shimmer

SPEC CHECKSUMS:
  Crashlytics: dfbae35ef22ca189240d230ad501feea4ee85d2d
  DateTools: 933ac9c490f21f92127cf690ccd8c397e0126caf
  Fabric: f050464eac45a2ce5a8e6e6a07e977c0df32fe28
  IQKeyboardManager: 8eab4d8111418414619d1df8e4779ce5d0f8d7e2
  JazzHands: 355dc5c2b6fc38ee460d0ed7836c69539263f477
  Masonry: 7c429b56da9d4ee0bbb3ed77a5ea710d6a5df39e
  Shimmer: c5374be1c2b0c9e292fb05b339a513cf291cac86

PODFILE CHECKSUM: e53840ab22c76ff0e931633fc4e0b952e0e4c5d6

COCOAPODS: 1.3.1
