PODS:
  - DateTools (1.7.0)
  - IQKeyboardManager (4.0.3)

DEPENDENCIES:
  - DateTools
  - IQKeyboardManager

SPEC CHECKSUMS:
  DateTools: 53288ee8b905fdc75897a1e6b5cc0144b14cba60
  IQKeyboardManager: be9695ffc5a52077deb4847608f338771022d6d1

PODFILE CHECKSUM: 2a62d9d97db0f4b19815ffb8ae5b1a441c302610

COCOAPODS: 1.0.1
